// !$*UTF8*$!
{
	archiveVersion = 1;
	classes = {
	};
	objectVersion = 46;
	objects = {

/* Begin PBXBuildFile section */
		A50B31D71E95FB6D004A9F6D /* LipikaBoardSettings.swift in Sources */ = {isa = PBXBuildFile; fileRef = A50B31D61E95FB6D004A9F6D /* LipikaBoardSettings.swift */; };
		A50B31D81E95FB6D004A9F6D /* LipikaBoardSettings.swift in Sources */ = {isa = PBXBuildFile; fileRef = A50B31D61E95FB6D004A9F6D /* LipikaBoardSettings.swift */; };
		A5130E081E7F63CE002E049C /* Keyboard.appex in Embed App Extensions */ = {isa = PBXBuildFile; fileRef = A5130E011E7F63CE002E049C /* Keyboard.appex */; settings = {ATTRIBUTES = (RemoveHeadersOnCopy, ); }; };
		A51E2AE61E7F79CC00CCAB34 /* DJActiveBufferManager.m in Sources */ = {isa = PBXBuildFile; fileRef = A51E2ABC1E7F79CC00CCAB34 /* DJActiveBufferManager.m */; };
		A51E2AE81E7F79CC00CCAB34 /* DJInputMethodEngine.m in Sources */ = {isa = PBXBuildFile; fileRef = A51E2ABE1E7F79CC00CCAB34 /* DJInputMethodEngine.m */; };
		A51E2AEA1E7F79CC00CCAB34 /* DJStringBufferManager.m in Sources */ = {isa = PBXBuildFile; fileRef = A51E2AC01E7F79CC00CCAB34 /* DJStringBufferManager.m */; };
		A51E2AEF1E7F79CD00CCAB34 /* DJInputSchemeFactory.m in Sources */ = {isa = PBXBuildFile; fileRef = A51E2AC61E7F79CC00CCAB34 /* DJInputSchemeFactory.m */; };
		A51E2AF11E7F79CD00CCAB34 /* DJParseOutput.m in Sources */ = {isa = PBXBuildFile; fileRef = A51E2AC81E7F79CC00CCAB34 /* DJParseOutput.m */; };
		A51E2AF41E7F79CD00CCAB34 /* DJSchemeHelper.m in Sources */ = {isa = PBXBuildFile; fileRef = A51E2ACB1E7F79CC00CCAB34 /* DJSchemeHelper.m */; };
		A51E2AF61E7F79CD00CCAB34 /* DJSimpleForwardMapping.m in Sources */ = {isa = PBXBuildFile; fileRef = A51E2ACD1E7F79CC00CCAB34 /* DJSimpleForwardMapping.m */; };
		A51E2AF81E7F79CD00CCAB34 /* DJSimpleReverseMapping.m in Sources */ = {isa = PBXBuildFile; fileRef = A51E2ACF1E7F79CC00CCAB34 /* DJSimpleReverseMapping.m */; };
		A51E2AFA1E7F79CD00CCAB34 /* DJGoogleForwardMapping.m in Sources */ = {isa = PBXBuildFile; fileRef = A51E2AD21E7F79CC00CCAB34 /* DJGoogleForwardMapping.m */; };
		A51E2AFC1E7F79CD00CCAB34 /* DJGoogleInputScheme.m in Sources */ = {isa = PBXBuildFile; fileRef = A51E2AD41E7F79CC00CCAB34 /* DJGoogleInputScheme.m */; };
		A51E2AFE1E7F79CD00CCAB34 /* DJGoogleReverseMapping.m in Sources */ = {isa = PBXBuildFile; fileRef = A51E2AD61E7F79CC00CCAB34 /* DJGoogleReverseMapping.m */; };
		A51E2B001E7F79CD00CCAB34 /* DJGoogleSchemeFactory.m in Sources */ = {isa = PBXBuildFile; fileRef = A51E2AD81E7F79CC00CCAB34 /* DJGoogleSchemeFactory.m */; };
		A51E2B031E7F79CD00CCAB34 /* DJLipikaInputScheme.m in Sources */ = {isa = PBXBuildFile; fileRef = A51E2ADC1E7F79CC00CCAB34 /* DJLipikaInputScheme.m */; };
		A51E2B051E7F79CD00CCAB34 /* DJLipikaSchemeFactory.m in Sources */ = {isa = PBXBuildFile; fileRef = A51E2ADE1E7F79CC00CCAB34 /* DJLipikaSchemeFactory.m */; };
		A51E2B081E7F79CD00CCAB34 /* DJReadWriteTrie.m in Sources */ = {isa = PBXBuildFile; fileRef = A51E2AE21E7F79CC00CCAB34 /* DJReadWriteTrie.m */; };
		A51E2B0A1E7F79CD00CCAB34 /* DJTrieNode.m in Sources */ = {isa = PBXBuildFile; fileRef = A51E2AE41E7F79CC00CCAB34 /* DJTrieNode.m */; };
		A51E2B151E7F7A2F00CCAB34 /* DJLipikaUserSettings.m in Sources */ = {isa = PBXBuildFile; fileRef = A51E2B0F1E7F7A2F00CCAB34 /* DJLipikaUserSettings.m */; };
		A51E2B191E7F7A2F00CCAB34 /* DJLipikaHelper.m in Sources */ = {isa = PBXBuildFile; fileRef = A51E2B131E7F7A2F00CCAB34 /* DJLipikaHelper.m */; };
		A51E2B1A1E7F7A2F00CCAB34 /* DJLogger.m in Sources */ = {isa = PBXBuildFile; fileRef = A51E2B141E7F7A2F00CCAB34 /* DJLogger.m */; };
		A52B94711EAA9E49008587C6 /* LipikaBoardSettings.swift in Sources */ = {isa = PBXBuildFile; fileRef = A50B31D61E95FB6D004A9F6D /* LipikaBoardSettings.swift */; };
		A52B94721EAAA4E4008587C6 /* UserSettings.plist in Resources */ = {isa = PBXBuildFile; fileRef = A58CA4D31E949D4900F8897F /* UserSettings.plist */; };
		A52B94731EAAA7A3008587C6 /* UserSettings.plist in Resources */ = {isa = PBXBuildFile; fileRef = A58CA4D31E949D4900F8897F /* UserSettings.plist */; };
		A55228B71E7F8CD100B2E0AA /* LipikaEngine.h in Headers */ = {isa = PBXBuildFile; fileRef = A51E2AC11E7F79CC00CCAB34 /* LipikaEngine.h */; settings = {ATTRIBUTES = (Public, ); }; };
		A5810BDB1E7F747300759112 /* CatboardBanner.swift in Sources */ = {isa = PBXBuildFile; fileRef = A5810BCB1E7F747300759112 /* CatboardBanner.swift */; };
		A5810BDC1E7F747300759112 /* DefaultKeyboard.swift in Sources */ = {isa = PBXBuildFile; fileRef = A5810BCC1E7F747300759112 /* DefaultKeyboard.swift */; };
		A5810BDD1E7F747300759112 /* DefaultSettings.swift in Sources */ = {isa = PBXBuildFile; fileRef = A5810BCD1E7F747300759112 /* DefaultSettings.swift */; };
		A5810BDE1E7F747300759112 /* DirectionEnum.swift in Sources */ = {isa = PBXBuildFile; fileRef = A5810BCE1E7F747300759112 /* DirectionEnum.swift */; };
		A5810BDF1E7F747300759112 /* ExtraView.swift in Sources */ = {isa = PBXBuildFile; fileRef = A5810BCF1E7F747300759112 /* ExtraView.swift */; };
		A5810BE01E7F747300759112 /* ForwardingView.swift in Sources */ = {isa = PBXBuildFile; fileRef = A5810BD01E7F747300759112 /* ForwardingView.swift */; };
		A5810BE11E7F747300759112 /* ImageKey.swift in Sources */ = {isa = PBXBuildFile; fileRef = A5810BD11E7F747300759112 /* ImageKey.swift */; };
		A5810BE21E7F747300759112 /* KeyboardConnector.swift in Sources */ = {isa = PBXBuildFile; fileRef = A5810BD21E7F747300759112 /* KeyboardConnector.swift */; };
		A5810BE31E7F747300759112 /* KeyboardInputTraits.swift in Sources */ = {isa = PBXBuildFile; fileRef = A5810BD31E7F747300759112 /* KeyboardInputTraits.swift */; };
		A5810BE41E7F747300759112 /* KeyboardKey.swift in Sources */ = {isa = PBXBuildFile; fileRef = A5810BD41E7F747300759112 /* KeyboardKey.swift */; };
		A5810BE51E7F747300759112 /* KeyboardKeyBackground.swift in Sources */ = {isa = PBXBuildFile; fileRef = A5810BD51E7F747300759112 /* KeyboardKeyBackground.swift */; };
		A5810BE61E7F747300759112 /* KeyboardLayout.swift in Sources */ = {isa = PBXBuildFile; fileRef = A5810BD61E7F747300759112 /* KeyboardLayout.swift */; };
		A5810BE71E7F747300759112 /* KeyboardModel.swift in Sources */ = {isa = PBXBuildFile; fileRef = A5810BD71E7F747300759112 /* KeyboardModel.swift */; };
		A5810BE81E7F747300759112 /* KeyboardViewController.swift in Sources */ = {isa = PBXBuildFile; fileRef = A5810BD81E7F747300759112 /* KeyboardViewController.swift */; };
		A5810BE91E7F747300759112 /* Shapes.swift in Sources */ = {isa = PBXBuildFile; fileRef = A5810BD91E7F747300759112 /* Shapes.swift */; };
		A5810BEA1E7F747300759112 /* Utilities.swift in Sources */ = {isa = PBXBuildFile; fileRef = A5810BDA1E7F747300759112 /* Utilities.swift */; };
		A5810BF11E7F74CC00759112 /* DefaultSettings.xib in Resources */ = {isa = PBXBuildFile; fileRef = A5810BEF1E7F74CC00759112 /* DefaultSettings.xib */; };
		A5810BF21E7F74CC00759112 /* Media.xcassets in Resources */ = {isa = PBXBuildFile; fileRef = A5810BF01E7F74CC00759112 /* Media.xcassets */; };
		A5810BF51E7F752800759112 /* Catboard.swift in Sources */ = {isa = PBXBuildFile; fileRef = A5810BF41E7F752800759112 /* Catboard.swift */; };
		A586EB3E1E902DEB00B40872 /* LipikaBanner.swift in Sources */ = {isa = PBXBuildFile; fileRef = A586EB3D1E902DEB00B40872 /* LipikaBanner.swift */; };
		A589557F1EB62CC6006E84E9 /* MappingsController.swift in Sources */ = {isa = PBXBuildFile; fileRef = A589557E1EB62CC6006E84E9 /* MappingsController.swift */; };
		A58D14651E86F13E00B0A9B9 /* Schemes in Resources */ = {isa = PBXBuildFile; fileRef = A5D985F71E84D0050052B73C /* Schemes */; };
		A59163451E7F7BA30031ECDD /* LipikaEngine.framework in Frameworks */ = {isa = PBXBuildFile; fileRef = A51E2A471E7F78C500CCAB34 /* LipikaEngine.framework */; };
		A5A57E0C1E9154B3000C9203 /* AKPickerView.swift in Sources */ = {isa = PBXBuildFile; fileRef = A5A57E0B1E9154B3000C9203 /* AKPickerView.swift */; };
		A5CA5F1F1EAC662D0056E66A /* Lipika-320.png in Resources */ = {isa = PBXBuildFile; fileRef = A5F222941EA7180B00546604 /* Lipika-320.png */; };
		A5CA5F201EAC662D0056E66A /* Lipika-320@2x.png in Resources */ = {isa = PBXBuildFile; fileRef = A5F222951EA7180B00546604 /* Lipika-320@2x.png */; };
		A5CA5F211EAC662D0056E66A /* Lipika-64.png in Resources */ = {isa = PBXBuildFile; fileRef = A5F222961EA7180B00546604 /* Lipika-64.png */; };
		A5CA5F221EAC662D0056E66A /* Lipika-64@2x.png in Resources */ = {isa = PBXBuildFile; fileRef = A5F222971EA7180B00546604 /* Lipika-64@2x.png */; };
		A5CA5F251EAC6CA10056E66A /* LipikaEngine.framework in Frameworks */ = {isa = PBXBuildFile; fileRef = A51E2A471E7F78C500CCAB34 /* LipikaEngine.framework */; };
		A5CE88261E7F5E1800A70B6F /* AppDelegate.swift in Sources */ = {isa = PBXBuildFile; fileRef = A5CE88241E7F5E1800A70B6F /* AppDelegate.swift */; };
		A5CE88271E7F5E1800A70B6F /* ViewController.swift in Sources */ = {isa = PBXBuildFile; fileRef = A5CE88251E7F5E1800A70B6F /* ViewController.swift */; };
		A5D036031EA2D47400BA2F07 /* CustomScheme.appex in Embed App Extensions */ = {isa = PBXBuildFile; fileRef = A5D035F91EA2D47400BA2F07 /* CustomScheme.appex */; settings = {ATTRIBUTES = (RemoveHeadersOnCopy, ); }; };
		A5E561D21E876F0700D0365F /* Images.xcassets in Resources */ = {isa = PBXBuildFile; fileRef = A5E561D01E876F0700D0365F /* Images.xcassets */; };
		A5E561DA1E876F5B00D0365F /* LaunchScreen.storyboard in Resources */ = {isa = PBXBuildFile; fileRef = A5E561D41E876F1600D0365F /* LaunchScreen.storyboard */; };
		A5E561DB1E876F5B00D0365F /* Main.storyboard in Resources */ = {isa = PBXBuildFile; fileRef = A5E561D61E876F1600D0365F /* Main.storyboard */; };
		A5F222831EA7132900546604 /* LipikaEngine.framework in Frameworks */ = {isa = PBXBuildFile; fileRef = A51E2A471E7F78C500CCAB34 /* LipikaEngine.framework */; };
		A5F222851EA714F300546604 /* Images.xcassets in Resources */ = {isa = PBXBuildFile; fileRef = A5E561D01E876F0700D0365F /* Images.xcassets */; };
		A5F222901EA717D300546604 /* MainInterface.storyboard in Resources */ = {isa = PBXBuildFile; fileRef = A5F2228A1EA717D300546604 /* MainInterface.storyboard */; };
		A5F222921EA717D300546604 /* ShareViewController.swift in Sources */ = {isa = PBXBuildFile; fileRef = A5F2228F1EA717D300546604 /* ShareViewController.swift */; };
		A5FC194F1E837AC70014F61F /* LipikaBoard.swift in Sources */ = {isa = PBXBuildFile; fileRef = A5FC194E1E837AC70014F61F /* LipikaBoard.swift */; };
/* End PBXBuildFile section */

/* Begin PBXContainerItemProxy section */
		A5130E061E7F63CE002E049C /* PBXContainerItemProxy */ = {
			isa = PBXContainerItemProxy;
			containerPortal = A51F68541E7F5D260075EC06 /* Project object */;
			proxyType = 1;
			remoteGlobalIDString = A5130E001E7F63CE002E049C;
			remoteInfo = Keyboard;
		};
		A59163431E7F7B9D0031ECDD /* PBXContainerItemProxy */ = {
			isa = PBXContainerItemProxy;
			containerPortal = A51F68541E7F5D260075EC06 /* Project object */;
			proxyType = 1;
			remoteGlobalIDString = A51E2A461E7F78C500CCAB34;
			remoteInfo = LipikaEngine;
		};
		A5CA5F231EAC6C9A0056E66A /* PBXContainerItemProxy */ = {
			isa = PBXContainerItemProxy;
			containerPortal = A51F68541E7F5D260075EC06 /* Project object */;
			proxyType = 1;
			remoteGlobalIDString = A51E2A461E7F78C500CCAB34;
			remoteInfo = LipikaEngine;
		};
		A5D036011EA2D47400BA2F07 /* PBXContainerItemProxy */ = {
			isa = PBXContainerItemProxy;
			containerPortal = A51F68541E7F5D260075EC06 /* Project object */;
			proxyType = 1;
			remoteGlobalIDString = A5D035F81EA2D47400BA2F07;
			remoteInfo = CustomScheme;
		};
		A5F222811EA7132500546604 /* PBXContainerItemProxy */ = {
			isa = PBXContainerItemProxy;
			containerPortal = A51F68541E7F5D260075EC06 /* Project object */;
			proxyType = 1;
			remoteGlobalIDString = A51E2A461E7F78C500CCAB34;
			remoteInfo = LipikaEngine;
		};
/* End PBXContainerItemProxy section */

/* Begin PBXCopyFilesBuildPhase section */
		A5130E0C1E7F63CE002E049C /* Embed App Extensions */ = {
			isa = PBXCopyFilesBuildPhase;
			buildActionMask = 2147483647;
			dstPath = "";
			dstSubfolderSpec = 13;
			files = (
				A5D036031EA2D47400BA2F07 /* CustomScheme.appex in Embed App Extensions */,
				A5130E081E7F63CE002E049C /* Keyboard.appex in Embed App Extensions */,
			);
			name = "Embed App Extensions";
			runOnlyForDeploymentPostprocessing = 0;
		};
/* End PBXCopyFilesBuildPhase section */

/* Begin PBXFileReference section */
		A50B31D61E95FB6D004A9F6D /* LipikaBoardSettings.swift */ = {isa = PBXFileReference; fileEncoding = 4; lastKnownFileType = sourcecode.swift; path = LipikaBoardSettings.swift; sourceTree = "<group>"; };
		A5130E011E7F63CE002E049C /* Keyboard.appex */ = {isa = PBXFileReference; explicitFileType = "wrapper.app-extension"; includeInIndex = 0; path = Keyboard.appex; sourceTree = BUILT_PRODUCTS_DIR; };
		A5130E051E7F63CE002E049C /* Info.plist */ = {isa = PBXFileReference; lastKnownFileType = text.plist.xml; path = Info.plist; sourceTree = "<group>"; };
		A518E2331E94742E0079B246 /* Keyboard.entitlements */ = {isa = PBXFileReference; lastKnownFileType = text.plist.entitlements; path = Keyboard.entitlements; sourceTree = "<group>"; };
		A51E2A471E7F78C500CCAB34 /* LipikaEngine.framework */ = {isa = PBXFileReference; explicitFileType = wrapper.framework; includeInIndex = 0; path = LipikaEngine.framework; sourceTree = BUILT_PRODUCTS_DIR; };
		A51E2ABB1E7F79CC00CCAB34 /* DJActiveBufferManager.h */ = {isa = PBXFileReference; fileEncoding = 4; lastKnownFileType = sourcecode.c.h; path = DJActiveBufferManager.h; sourceTree = "<group>"; };
		A51E2ABC1E7F79CC00CCAB34 /* DJActiveBufferManager.m */ = {isa = PBXFileReference; fileEncoding = 4; lastKnownFileType = sourcecode.c.objc; path = DJActiveBufferManager.m; sourceTree = "<group>"; };
		A51E2ABD1E7F79CC00CCAB34 /* DJInputMethodEngine.h */ = {isa = PBXFileReference; fileEncoding = 4; lastKnownFileType = sourcecode.c.h; path = DJInputMethodEngine.h; sourceTree = "<group>"; };
		A51E2ABE1E7F79CC00CCAB34 /* DJInputMethodEngine.m */ = {isa = PBXFileReference; fileEncoding = 4; lastKnownFileType = sourcecode.c.objc; path = DJInputMethodEngine.m; sourceTree = "<group>"; };
		A51E2ABF1E7F79CC00CCAB34 /* DJStringBufferManager.h */ = {isa = PBXFileReference; fileEncoding = 4; lastKnownFileType = sourcecode.c.h; path = DJStringBufferManager.h; sourceTree = "<group>"; };
		A51E2AC01E7F79CC00CCAB34 /* DJStringBufferManager.m */ = {isa = PBXFileReference; fileEncoding = 4; lastKnownFileType = sourcecode.c.objc; path = DJStringBufferManager.m; sourceTree = "<group>"; };
		A51E2AC11E7F79CC00CCAB34 /* LipikaEngine.h */ = {isa = PBXFileReference; fileEncoding = 4; lastKnownFileType = sourcecode.c.h; path = LipikaEngine.h; sourceTree = "<group>"; };
		A51E2AC31E7F79CC00CCAB34 /* DJForwardMapping.h */ = {isa = PBXFileReference; fileEncoding = 4; lastKnownFileType = sourcecode.c.h; path = DJForwardMapping.h; sourceTree = "<group>"; };
		A51E2AC41E7F79CC00CCAB34 /* DJInputMethodScheme.h */ = {isa = PBXFileReference; fileEncoding = 4; lastKnownFileType = sourcecode.c.h; path = DJInputMethodScheme.h; sourceTree = "<group>"; };
		A51E2AC51E7F79CC00CCAB34 /* DJInputSchemeFactory.h */ = {isa = PBXFileReference; fileEncoding = 4; lastKnownFileType = sourcecode.c.h; path = DJInputSchemeFactory.h; sourceTree = "<group>"; };
		A51E2AC61E7F79CC00CCAB34 /* DJInputSchemeFactory.m */ = {isa = PBXFileReference; fileEncoding = 4; lastKnownFileType = sourcecode.c.objc; path = DJInputSchemeFactory.m; sourceTree = "<group>"; };
		A51E2AC71E7F79CC00CCAB34 /* DJParseOutput.h */ = {isa = PBXFileReference; fileEncoding = 4; lastKnownFileType = sourcecode.c.h; path = DJParseOutput.h; sourceTree = "<group>"; };
		A51E2AC81E7F79CC00CCAB34 /* DJParseOutput.m */ = {isa = PBXFileReference; fileEncoding = 4; lastKnownFileType = sourcecode.c.objc; path = DJParseOutput.m; sourceTree = "<group>"; };
		A51E2AC91E7F79CC00CCAB34 /* DJReverseMapping.h */ = {isa = PBXFileReference; fileEncoding = 4; lastKnownFileType = sourcecode.c.h; path = DJReverseMapping.h; sourceTree = "<group>"; };
		A51E2ACA1E7F79CC00CCAB34 /* DJSchemeHelper.h */ = {isa = PBXFileReference; fileEncoding = 4; lastKnownFileType = sourcecode.c.h; path = DJSchemeHelper.h; sourceTree = "<group>"; };
		A51E2ACB1E7F79CC00CCAB34 /* DJSchemeHelper.m */ = {isa = PBXFileReference; fileEncoding = 4; lastKnownFileType = sourcecode.c.objc; path = DJSchemeHelper.m; sourceTree = "<group>"; };
		A51E2ACC1E7F79CC00CCAB34 /* DJSimpleForwardMapping.h */ = {isa = PBXFileReference; fileEncoding = 4; lastKnownFileType = sourcecode.c.h; path = DJSimpleForwardMapping.h; sourceTree = "<group>"; };
		A51E2ACD1E7F79CC00CCAB34 /* DJSimpleForwardMapping.m */ = {isa = PBXFileReference; fileEncoding = 4; lastKnownFileType = sourcecode.c.objc; path = DJSimpleForwardMapping.m; sourceTree = "<group>"; };
		A51E2ACE1E7F79CC00CCAB34 /* DJSimpleReverseMapping.h */ = {isa = PBXFileReference; fileEncoding = 4; lastKnownFileType = sourcecode.c.h; path = DJSimpleReverseMapping.h; sourceTree = "<group>"; };
		A51E2ACF1E7F79CC00CCAB34 /* DJSimpleReverseMapping.m */ = {isa = PBXFileReference; fileEncoding = 4; lastKnownFileType = sourcecode.c.objc; path = DJSimpleReverseMapping.m; sourceTree = "<group>"; };
		A51E2AD11E7F79CC00CCAB34 /* DJGoogleForwardMapping.h */ = {isa = PBXFileReference; fileEncoding = 4; lastKnownFileType = sourcecode.c.h; path = DJGoogleForwardMapping.h; sourceTree = "<group>"; };
		A51E2AD21E7F79CC00CCAB34 /* DJGoogleForwardMapping.m */ = {isa = PBXFileReference; fileEncoding = 4; lastKnownFileType = sourcecode.c.objc; path = DJGoogleForwardMapping.m; sourceTree = "<group>"; };
		A51E2AD31E7F79CC00CCAB34 /* DJGoogleInputScheme.h */ = {isa = PBXFileReference; fileEncoding = 4; lastKnownFileType = sourcecode.c.h; path = DJGoogleInputScheme.h; sourceTree = "<group>"; };
		A51E2AD41E7F79CC00CCAB34 /* DJGoogleInputScheme.m */ = {isa = PBXFileReference; fileEncoding = 4; lastKnownFileType = sourcecode.c.objc; path = DJGoogleInputScheme.m; sourceTree = "<group>"; };
		A51E2AD51E7F79CC00CCAB34 /* DJGoogleReverseMapping.h */ = {isa = PBXFileReference; fileEncoding = 4; lastKnownFileType = sourcecode.c.h; path = DJGoogleReverseMapping.h; sourceTree = "<group>"; };
		A51E2AD61E7F79CC00CCAB34 /* DJGoogleReverseMapping.m */ = {isa = PBXFileReference; fileEncoding = 4; lastKnownFileType = sourcecode.c.objc; path = DJGoogleReverseMapping.m; sourceTree = "<group>"; };
		A51E2AD71E7F79CC00CCAB34 /* DJGoogleSchemeFactory.h */ = {isa = PBXFileReference; fileEncoding = 4; lastKnownFileType = sourcecode.c.h; path = DJGoogleSchemeFactory.h; sourceTree = "<group>"; };
		A51E2AD81E7F79CC00CCAB34 /* DJGoogleSchemeFactory.m */ = {isa = PBXFileReference; fileEncoding = 4; lastKnownFileType = sourcecode.c.objc; path = DJGoogleSchemeFactory.m; sourceTree = "<group>"; };
		A51E2AD91E7F79CC00CCAB34 /* DJGoogleSchemeMapping.h */ = {isa = PBXFileReference; fileEncoding = 4; lastKnownFileType = sourcecode.c.h; path = DJGoogleSchemeMapping.h; sourceTree = "<group>"; };
		A51E2ADB1E7F79CC00CCAB34 /* DJLipikaInputScheme.h */ = {isa = PBXFileReference; fileEncoding = 4; lastKnownFileType = sourcecode.c.h; path = DJLipikaInputScheme.h; sourceTree = "<group>"; };
		A51E2ADC1E7F79CC00CCAB34 /* DJLipikaInputScheme.m */ = {isa = PBXFileReference; fileEncoding = 4; lastKnownFileType = sourcecode.c.objc; path = DJLipikaInputScheme.m; sourceTree = "<group>"; };
		A51E2ADD1E7F79CC00CCAB34 /* DJLipikaSchemeFactory.h */ = {isa = PBXFileReference; fileEncoding = 4; lastKnownFileType = sourcecode.c.h; path = DJLipikaSchemeFactory.h; sourceTree = "<group>"; };
		A51E2ADE1E7F79CC00CCAB34 /* DJLipikaSchemeFactory.m */ = {isa = PBXFileReference; fileEncoding = 4; lastKnownFileType = sourcecode.c.objc; path = DJLipikaSchemeFactory.m; sourceTree = "<group>"; };
		A51E2AE01E7F79CC00CCAB34 /* DJReadOnlyTrie.h */ = {isa = PBXFileReference; fileEncoding = 4; lastKnownFileType = sourcecode.c.h; path = DJReadOnlyTrie.h; sourceTree = "<group>"; };
		A51E2AE11E7F79CC00CCAB34 /* DJReadWriteTrie.h */ = {isa = PBXFileReference; fileEncoding = 4; lastKnownFileType = sourcecode.c.h; path = DJReadWriteTrie.h; sourceTree = "<group>"; };
		A51E2AE21E7F79CC00CCAB34 /* DJReadWriteTrie.m */ = {isa = PBXFileReference; fileEncoding = 4; lastKnownFileType = sourcecode.c.objc; path = DJReadWriteTrie.m; sourceTree = "<group>"; };
		A51E2AE31E7F79CC00CCAB34 /* DJTrieNode.h */ = {isa = PBXFileReference; fileEncoding = 4; lastKnownFileType = sourcecode.c.h; path = DJTrieNode.h; sourceTree = "<group>"; };
		A51E2AE41E7F79CC00CCAB34 /* DJTrieNode.m */ = {isa = PBXFileReference; fileEncoding = 4; lastKnownFileType = sourcecode.c.objc; path = DJTrieNode.m; sourceTree = "<group>"; };
		A51E2B0F1E7F7A2F00CCAB34 /* DJLipikaUserSettings.m */ = {isa = PBXFileReference; fileEncoding = 4; lastKnownFileType = sourcecode.c.objc; name = DJLipikaUserSettings.m; path = Common/Sources/DJLipikaUserSettings.m; sourceTree = SOURCE_ROOT; };
		A51E2B101E7F7A2F00CCAB34 /* DJLipikaUserSettings.h */ = {isa = PBXFileReference; fileEncoding = 4; lastKnownFileType = sourcecode.c.h; name = DJLipikaUserSettings.h; path = Common/Sources/DJLipikaUserSettings.h; sourceTree = SOURCE_ROOT; };
		A51E2B111E7F7A2F00CCAB34 /* DJLipikaHelper.h */ = {isa = PBXFileReference; fileEncoding = 4; lastKnownFileType = sourcecode.c.h; name = DJLipikaHelper.h; path = Common/Sources/DJLipikaHelper.h; sourceTree = SOURCE_ROOT; };
		A51E2B121E7F7A2F00CCAB34 /* DJLogger.h */ = {isa = PBXFileReference; fileEncoding = 4; lastKnownFileType = sourcecode.c.h; name = DJLogger.h; path = Common/Sources/DJLogger.h; sourceTree = SOURCE_ROOT; };
		A51E2B131E7F7A2F00CCAB34 /* DJLipikaHelper.m */ = {isa = PBXFileReference; fileEncoding = 4; lastKnownFileType = sourcecode.c.objc; name = DJLipikaHelper.m; path = Common/Sources/DJLipikaHelper.m; sourceTree = SOURCE_ROOT; };
		A51E2B141E7F7A2F00CCAB34 /* DJLogger.m */ = {isa = PBXFileReference; fileEncoding = 4; lastKnownFileType = sourcecode.c.objc; name = DJLogger.m; path = Common/Sources/DJLogger.m; sourceTree = SOURCE_ROOT; };
		A51E2B1C1E7F7A5A00CCAB34 /* Info.plist */ = {isa = PBXFileReference; fileEncoding = 4; lastKnownFileType = text.plist.xml; name = Info.plist; path = EngineFramework/Resources/Info.plist; sourceTree = SOURCE_ROOT; };
		A51F685C1E7F5D260075EC06 /* LipikaBoard.app */ = {isa = PBXFileReference; explicitFileType = wrapper.application; includeInIndex = 0; path = LipikaBoard.app; sourceTree = BUILT_PRODUCTS_DIR; };
		A52B94701EAA6C98008587C6 /* App-Bridging-Header.h */ = {isa = PBXFileReference; lastKnownFileType = sourcecode.c.h; name = "App-Bridging-Header.h"; path = "HostingApp/LipikaBoard/App-Bridging-Header.h"; sourceTree = SOURCE_ROOT; };
		A53130DC1EAFBB29009FD56F /* LipikaBoard.entitlements */ = {isa = PBXFileReference; fileEncoding = 4; lastKnownFileType = text.plist.entitlements; name = LipikaBoard.entitlements; path = HostingApp/LipikaBoard/LipikaBoard.entitlements; sourceTree = SOURCE_ROOT; };
		A55228B81E7F8E0600B2E0AA /* Keyboard-Bridging-Header.h */ = {isa = PBXFileReference; lastKnownFileType = sourcecode.c.h; path = "Keyboard-Bridging-Header.h"; sourceTree = "<group>"; };
		A5810BCB1E7F747300759112 /* CatboardBanner.swift */ = {isa = PBXFileReference; fileEncoding = 4; lastKnownFileType = sourcecode.swift; name = CatboardBanner.swift; path = TastyImitationKeyboard/Keyboard/CatboardBanner.swift; sourceTree = SOURCE_ROOT; };
		A5810BCC1E7F747300759112 /* DefaultKeyboard.swift */ = {isa = PBXFileReference; fileEncoding = 4; lastKnownFileType = sourcecode.swift; name = DefaultKeyboard.swift; path = TastyImitationKeyboard/Keyboard/DefaultKeyboard.swift; sourceTree = SOURCE_ROOT; };
		A5810BCD1E7F747300759112 /* DefaultSettings.swift */ = {isa = PBXFileReference; fileEncoding = 4; lastKnownFileType = sourcecode.swift; name = DefaultSettings.swift; path = TastyImitationKeyboard/Keyboard/DefaultSettings.swift; sourceTree = SOURCE_ROOT; };
		A5810BCE1E7F747300759112 /* DirectionEnum.swift */ = {isa = PBXFileReference; fileEncoding = 4; lastKnownFileType = sourcecode.swift; name = DirectionEnum.swift; path = TastyImitationKeyboard/Keyboard/DirectionEnum.swift; sourceTree = SOURCE_ROOT; };
		A5810BCF1E7F747300759112 /* ExtraView.swift */ = {isa = PBXFileReference; fileEncoding = 4; lastKnownFileType = sourcecode.swift; name = ExtraView.swift; path = TastyImitationKeyboard/Keyboard/ExtraView.swift; sourceTree = SOURCE_ROOT; };
		A5810BD01E7F747300759112 /* ForwardingView.swift */ = {isa = PBXFileReference; fileEncoding = 4; lastKnownFileType = sourcecode.swift; name = ForwardingView.swift; path = TastyImitationKeyboard/Keyboard/ForwardingView.swift; sourceTree = SOURCE_ROOT; };
		A5810BD11E7F747300759112 /* ImageKey.swift */ = {isa = PBXFileReference; fileEncoding = 4; lastKnownFileType = sourcecode.swift; name = ImageKey.swift; path = TastyImitationKeyboard/Keyboard/ImageKey.swift; sourceTree = SOURCE_ROOT; };
		A5810BD21E7F747300759112 /* KeyboardConnector.swift */ = {isa = PBXFileReference; fileEncoding = 4; lastKnownFileType = sourcecode.swift; name = KeyboardConnector.swift; path = TastyImitationKeyboard/Keyboard/KeyboardConnector.swift; sourceTree = SOURCE_ROOT; };
		A5810BD31E7F747300759112 /* KeyboardInputTraits.swift */ = {isa = PBXFileReference; fileEncoding = 4; lastKnownFileType = sourcecode.swift; name = KeyboardInputTraits.swift; path = TastyImitationKeyboard/Keyboard/KeyboardInputTraits.swift; sourceTree = SOURCE_ROOT; };
		A5810BD41E7F747300759112 /* KeyboardKey.swift */ = {isa = PBXFileReference; fileEncoding = 4; lastKnownFileType = sourcecode.swift; name = KeyboardKey.swift; path = TastyImitationKeyboard/Keyboard/KeyboardKey.swift; sourceTree = SOURCE_ROOT; };
		A5810BD51E7F747300759112 /* KeyboardKeyBackground.swift */ = {isa = PBXFileReference; fileEncoding = 4; lastKnownFileType = sourcecode.swift; name = KeyboardKeyBackground.swift; path = TastyImitationKeyboard/Keyboard/KeyboardKeyBackground.swift; sourceTree = SOURCE_ROOT; };
		A5810BD61E7F747300759112 /* KeyboardLayout.swift */ = {isa = PBXFileReference; fileEncoding = 4; lastKnownFileType = sourcecode.swift; name = KeyboardLayout.swift; path = TastyImitationKeyboard/Keyboard/KeyboardLayout.swift; sourceTree = SOURCE_ROOT; };
		A5810BD71E7F747300759112 /* KeyboardModel.swift */ = {isa = PBXFileReference; fileEncoding = 4; lastKnownFileType = sourcecode.swift; name = KeyboardModel.swift; path = TastyImitationKeyboard/Keyboard/KeyboardModel.swift; sourceTree = SOURCE_ROOT; };
		A5810BD81E7F747300759112 /* KeyboardViewController.swift */ = {isa = PBXFileReference; fileEncoding = 4; lastKnownFileType = sourcecode.swift; name = KeyboardViewController.swift; path = TastyImitationKeyboard/Keyboard/KeyboardViewController.swift; sourceTree = SOURCE_ROOT; };
		A5810BD91E7F747300759112 /* Shapes.swift */ = {isa = PBXFileReference; fileEncoding = 4; lastKnownFileType = sourcecode.swift; name = Shapes.swift; path = TastyImitationKeyboard/Keyboard/Shapes.swift; sourceTree = SOURCE_ROOT; };
		A5810BDA1E7F747300759112 /* Utilities.swift */ = {isa = PBXFileReference; fileEncoding = 4; lastKnownFileType = sourcecode.swift; name = Utilities.swift; path = TastyImitationKeyboard/Keyboard/Utilities.swift; sourceTree = SOURCE_ROOT; };
		A5810BEF1E7F74CC00759112 /* DefaultSettings.xib */ = {isa = PBXFileReference; fileEncoding = 4; lastKnownFileType = file.xib; name = DefaultSettings.xib; path = TastyImitationKeyboard/Keyboard/DefaultSettings.xib; sourceTree = SOURCE_ROOT; };
		A5810BF01E7F74CC00759112 /* Media.xcassets */ = {isa = PBXFileReference; lastKnownFileType = folder.assetcatalog; name = Media.xcassets; path = TastyImitationKeyboard/Keyboard/Media.xcassets; sourceTree = SOURCE_ROOT; };
		A5810BF41E7F752800759112 /* Catboard.swift */ = {isa = PBXFileReference; fileEncoding = 4; lastKnownFileType = sourcecode.swift; name = Catboard.swift; path = TastyImitationKeyboard/Keyboard/Catboard.swift; sourceTree = SOURCE_ROOT; };
		A586EB3D1E902DEB00B40872 /* LipikaBanner.swift */ = {isa = PBXFileReference; fileEncoding = 4; lastKnownFileType = sourcecode.swift; path = LipikaBanner.swift; sourceTree = "<group>"; };
		A589557E1EB62CC6006E84E9 /* MappingsController.swift */ = {isa = PBXFileReference; fileEncoding = 4; lastKnownFileType = sourcecode.swift; name = MappingsController.swift; path = HostingApp/LipikaBoard/MappingsController.swift; sourceTree = SOURCE_ROOT; };
		A58CA4D31E949D4900F8897F /* UserSettings.plist */ = {isa = PBXFileReference; fileEncoding = 4; lastKnownFileType = text.plist.xml; name = UserSettings.plist; path = Common/Resources/UserSettings.plist; sourceTree = SOURCE_ROOT; };
		A59163421E7F7AFA0031ECDD /* Constants.h */ = {isa = PBXFileReference; fileEncoding = 4; lastKnownFileType = sourcecode.c.h; name = Constants.h; path = Common/Sources/Constants.h; sourceTree = SOURCE_ROOT; };
		A5A57E0B1E9154B3000C9203 /* AKPickerView.swift */ = {isa = PBXFileReference; fileEncoding = 4; lastKnownFileType = sourcecode.swift; name = AKPickerView.swift; path = AKPickerView/AKPickerView/AKPickerView.swift; sourceTree = SOURCE_ROOT; };
		A5CE88241E7F5E1800A70B6F /* AppDelegate.swift */ = {isa = PBXFileReference; fileEncoding = 4; lastKnownFileType = sourcecode.swift; name = AppDelegate.swift; path = HostingApp/LipikaBoard/AppDelegate.swift; sourceTree = SOURCE_ROOT; };
		A5CE88251E7F5E1800A70B6F /* ViewController.swift */ = {isa = PBXFileReference; fileEncoding = 4; lastKnownFileType = sourcecode.swift; name = ViewController.swift; path = HostingApp/LipikaBoard/ViewController.swift; sourceTree = SOURCE_ROOT; };
		A5D035F91EA2D47400BA2F07 /* CustomScheme.appex */ = {isa = PBXFileReference; explicitFileType = "wrapper.app-extension"; includeInIndex = 0; path = CustomScheme.appex; sourceTree = BUILT_PRODUCTS_DIR; };
		A5D985F71E84D0050052B73C /* Schemes */ = {isa = PBXFileReference; lastKnownFileType = folder; name = Schemes; path = Common/Resources/Schemes; sourceTree = SOURCE_ROOT; };
		A5E561D01E876F0700D0365F /* Images.xcassets */ = {isa = PBXFileReference; lastKnownFileType = folder.assetcatalog; name = Images.xcassets; path = HostingApp/LipikaBoard/Images.xcassets; sourceTree = SOURCE_ROOT; };
		A5E561D11E876F0700D0365F /* Info.plist */ = {isa = PBXFileReference; fileEncoding = 4; lastKnownFileType = text.plist.xml; name = Info.plist; path = HostingApp/LipikaBoard/Info.plist; sourceTree = SOURCE_ROOT; };
		A5E561D51E876F1600D0365F /* Base */ = {isa = PBXFileReference; lastKnownFileType = file.storyboard; name = Base; path = HostingApp/LipikaBoard/Base.lproj/LaunchScreen.storyboard; sourceTree = SOURCE_ROOT; };
		A5E561D71E876F1600D0365F /* Base */ = {isa = PBXFileReference; lastKnownFileType = file.storyboard; name = Base; path = HostingApp/LipikaBoard/Base.lproj/Main.storyboard; sourceTree = SOURCE_ROOT; };
		A5F2228B1EA717D300546604 /* Base */ = {isa = PBXFileReference; lastKnownFileType = file.storyboard; name = Base; path = Base.lproj/MainInterface.storyboard; sourceTree = "<group>"; };
		A5F2228C1EA717D300546604 /* CustomScheme.entitlements */ = {isa = PBXFileReference; fileEncoding = 4; lastKnownFileType = text.plist.entitlements; path = CustomScheme.entitlements; sourceTree = "<group>"; };
		A5F2228D1EA717D300546604 /* Info.plist */ = {isa = PBXFileReference; fileEncoding = 4; lastKnownFileType = text.plist.xml; path = Info.plist; sourceTree = "<group>"; };
		A5F2228E1EA717D300546604 /* Scheme-Bridging-Header.h */ = {isa = PBXFileReference; fileEncoding = 4; lastKnownFileType = sourcecode.c.h; path = "Scheme-Bridging-Header.h"; sourceTree = "<group>"; };
		A5F2228F1EA717D300546604 /* ShareViewController.swift */ = {isa = PBXFileReference; fileEncoding = 4; lastKnownFileType = sourcecode.swift; path = ShareViewController.swift; sourceTree = "<group>"; };
		A5F222941EA7180B00546604 /* Lipika-320.png */ = {isa = PBXFileReference; lastKnownFileType = image.png; path = "Lipika-320.png"; sourceTree = "<group>"; };
		A5F222951EA7180B00546604 /* Lipika-320@2x.png */ = {isa = PBXFileReference; lastKnownFileType = image.png; path = "Lipika-320@2x.png"; sourceTree = "<group>"; };
		A5F222961EA7180B00546604 /* Lipika-64.png */ = {isa = PBXFileReference; lastKnownFileType = image.png; path = "Lipika-64.png"; sourceTree = "<group>"; };
		A5F222971EA7180B00546604 /* Lipika-64@2x.png */ = {isa = PBXFileReference; lastKnownFileType = image.png; path = "Lipika-64@2x.png"; sourceTree = "<group>"; };
		A5FC194E1E837AC70014F61F /* LipikaBoard.swift */ = {isa = PBXFileReference; fileEncoding = 4; lastKnownFileType = sourcecode.swift; path = LipikaBoard.swift; sourceTree = "<group>"; };
/* End PBXFileReference section */

/* Begin PBXFrameworksBuildPhase section */
		A5130DFE1E7F63CE002E049C /* Frameworks */ = {
			isa = PBXFrameworksBuildPhase;
			buildActionMask = 2147483647;
			files = (
				A59163451E7F7BA30031ECDD /* LipikaEngine.framework in Frameworks */,
			);
			runOnlyForDeploymentPostprocessing = 0;
		};
		A51E2A431E7F78C500CCAB34 /* Frameworks */ = {
			isa = PBXFrameworksBuildPhase;
			buildActionMask = 2147483647;
			files = (
			);
			runOnlyForDeploymentPostprocessing = 0;
		};
		A51F68591E7F5D260075EC06 /* Frameworks */ = {
			isa = PBXFrameworksBuildPhase;
			buildActionMask = 2147483647;
			files = (
				A5CA5F251EAC6CA10056E66A /* LipikaEngine.framework in Frameworks */,
			);
			runOnlyForDeploymentPostprocessing = 0;
		};
		A5D035F61EA2D47400BA2F07 /* Frameworks */ = {
			isa = PBXFrameworksBuildPhase;
			buildActionMask = 2147483647;
			files = (
				A5F222831EA7132900546604 /* LipikaEngine.framework in Frameworks */,
			);
			runOnlyForDeploymentPostprocessing = 0;
		};
/* End PBXFrameworksBuildPhase section */

/* Begin PBXGroup section */
		A5130E021E7F63CE002E049C /* Keyboard */ = {
			isa = PBXGroup;
			children = (
				A518E2331E94742E0079B246 /* Keyboard.entitlements */,
				A5810BEC1E7F74A300759112 /* Resources */,
				A5810BF31E7F750300759112 /* Sources */,
			);
			path = Keyboard;
			sourceTree = "<group>";
		};
		A51E2A481E7F78C500CCAB34 /* LipikaEngine */ = {
			isa = PBXGroup;
			children = (
				A51E2B1B1E7F7A4500CCAB34 /* Resources */,
				A51E2ABA1E7F79CC00CCAB34 /* Sources */,
			);
			path = LipikaEngine;
			sourceTree = "<group>";
		};
		A51E2ABA1E7F79CC00CCAB34 /* Sources */ = {
			isa = PBXGroup;
			children = (
				A51E2ABB1E7F79CC00CCAB34 /* DJActiveBufferManager.h */,
				A51E2ABC1E7F79CC00CCAB34 /* DJActiveBufferManager.m */,
				A51E2ABD1E7F79CC00CCAB34 /* DJInputMethodEngine.h */,
				A51E2ABE1E7F79CC00CCAB34 /* DJInputMethodEngine.m */,
				A51E2ABF1E7F79CC00CCAB34 /* DJStringBufferManager.h */,
				A51E2AC01E7F79CC00CCAB34 /* DJStringBufferManager.m */,
				A51E2AC11E7F79CC00CCAB34 /* LipikaEngine.h */,
				A51E2B0E1E7F7A1000CCAB34 /* Common */,
				A51E2AC21E7F79CC00CCAB34 /* Scheme */,
				A51E2ADF1E7F79CC00CCAB34 /* Trie */,
			);
			name = Sources;
			path = EngineFramework/Sources;
			sourceTree = SOURCE_ROOT;
		};
		A51E2AC21E7F79CC00CCAB34 /* Scheme */ = {
			isa = PBXGroup;
			children = (
				A51E2AC31E7F79CC00CCAB34 /* DJForwardMapping.h */,
				A51E2AC41E7F79CC00CCAB34 /* DJInputMethodScheme.h */,
				A51E2AC51E7F79CC00CCAB34 /* DJInputSchemeFactory.h */,
				A51E2AC61E7F79CC00CCAB34 /* DJInputSchemeFactory.m */,
				A51E2AC71E7F79CC00CCAB34 /* DJParseOutput.h */,
				A51E2AC81E7F79CC00CCAB34 /* DJParseOutput.m */,
				A51E2AC91E7F79CC00CCAB34 /* DJReverseMapping.h */,
				A51E2ACA1E7F79CC00CCAB34 /* DJSchemeHelper.h */,
				A51E2ACB1E7F79CC00CCAB34 /* DJSchemeHelper.m */,
				A51E2ACC1E7F79CC00CCAB34 /* DJSimpleForwardMapping.h */,
				A51E2ACD1E7F79CC00CCAB34 /* DJSimpleForwardMapping.m */,
				A51E2ACE1E7F79CC00CCAB34 /* DJSimpleReverseMapping.h */,
				A51E2ACF1E7F79CC00CCAB34 /* DJSimpleReverseMapping.m */,
				A51E2AD01E7F79CC00CCAB34 /* Google */,
				A51E2ADA1E7F79CC00CCAB34 /* Lipika */,
			);
			path = Scheme;
			sourceTree = "<group>";
		};
		A51E2AD01E7F79CC00CCAB34 /* Google */ = {
			isa = PBXGroup;
			children = (
				A51E2AD11E7F79CC00CCAB34 /* DJGoogleForwardMapping.h */,
				A51E2AD21E7F79CC00CCAB34 /* DJGoogleForwardMapping.m */,
				A51E2AD31E7F79CC00CCAB34 /* DJGoogleInputScheme.h */,
				A51E2AD41E7F79CC00CCAB34 /* DJGoogleInputScheme.m */,
				A51E2AD51E7F79CC00CCAB34 /* DJGoogleReverseMapping.h */,
				A51E2AD61E7F79CC00CCAB34 /* DJGoogleReverseMapping.m */,
				A51E2AD71E7F79CC00CCAB34 /* DJGoogleSchemeFactory.h */,
				A51E2AD81E7F79CC00CCAB34 /* DJGoogleSchemeFactory.m */,
				A51E2AD91E7F79CC00CCAB34 /* DJGoogleSchemeMapping.h */,
			);
			path = Google;
			sourceTree = "<group>";
		};
		A51E2ADA1E7F79CC00CCAB34 /* Lipika */ = {
			isa = PBXGroup;
			children = (
				A51E2ADB1E7F79CC00CCAB34 /* DJLipikaInputScheme.h */,
				A51E2ADC1E7F79CC00CCAB34 /* DJLipikaInputScheme.m */,
				A51E2ADD1E7F79CC00CCAB34 /* DJLipikaSchemeFactory.h */,
				A51E2ADE1E7F79CC00CCAB34 /* DJLipikaSchemeFactory.m */,
			);
			path = Lipika;
			sourceTree = "<group>";
		};
		A51E2ADF1E7F79CC00CCAB34 /* Trie */ = {
			isa = PBXGroup;
			children = (
				A51E2AE01E7F79CC00CCAB34 /* DJReadOnlyTrie.h */,
				A51E2AE11E7F79CC00CCAB34 /* DJReadWriteTrie.h */,
				A51E2AE21E7F79CC00CCAB34 /* DJReadWriteTrie.m */,
				A51E2AE31E7F79CC00CCAB34 /* DJTrieNode.h */,
				A51E2AE41E7F79CC00CCAB34 /* DJTrieNode.m */,
			);
			path = Trie;
			sourceTree = "<group>";
		};
		A51E2B0E1E7F7A1000CCAB34 /* Common */ = {
			isa = PBXGroup;
			children = (
				A59163421E7F7AFA0031ECDD /* Constants.h */,
				A51E2B101E7F7A2F00CCAB34 /* DJLipikaUserSettings.h */,
				A51E2B0F1E7F7A2F00CCAB34 /* DJLipikaUserSettings.m */,
				A51E2B111E7F7A2F00CCAB34 /* DJLipikaHelper.h */,
				A51E2B121E7F7A2F00CCAB34 /* DJLogger.h */,
				A51E2B131E7F7A2F00CCAB34 /* DJLipikaHelper.m */,
				A51E2B141E7F7A2F00CCAB34 /* DJLogger.m */,
			);
			name = Common;
			sourceTree = "<group>";
		};
		A51E2B1B1E7F7A4500CCAB34 /* Resources */ = {
			isa = PBXGroup;
			children = (
				A51E2B1C1E7F7A5A00CCAB34 /* Info.plist */,
			);
			name = Resources;
			sourceTree = "<group>";
		};
		A51F68531E7F5D260075EC06 = {
			isa = PBXGroup;
			children = (
				A51F685E1E7F5D260075EC06 /* LipikaBoard */,
				A5130E021E7F63CE002E049C /* Keyboard */,
				A51E2A481E7F78C500CCAB34 /* LipikaEngine */,
				A5F222891EA717D300546604 /* CustomScheme */,
				A51F685D1E7F5D260075EC06 /* Products */,
			);
			sourceTree = "<group>";
		};
		A51F685D1E7F5D260075EC06 /* Products */ = {
			isa = PBXGroup;
			children = (
				A51F685C1E7F5D260075EC06 /* LipikaBoard.app */,
				A5130E011E7F63CE002E049C /* Keyboard.appex */,
				A51E2A471E7F78C500CCAB34 /* LipikaEngine.framework */,
				A5D035F91EA2D47400BA2F07 /* CustomScheme.appex */,
			);
			name = Products;
			sourceTree = "<group>";
		};
		A51F685E1E7F5D260075EC06 /* LipikaBoard */ = {
			isa = PBXGroup;
			children = (
				A5E561CF1E876ED900D0365F /* Resources */,
				A5810BEB1E7F748E00759112 /* Sources */,
			);
			path = LipikaBoard;
			sourceTree = "<group>";
		};
		A5810BEB1E7F748E00759112 /* Sources */ = {
			isa = PBXGroup;
			children = (
				A5CE88241E7F5E1800A70B6F /* AppDelegate.swift */,
				A5CE88251E7F5E1800A70B6F /* ViewController.swift */,
				A589557E1EB62CC6006E84E9 /* MappingsController.swift */,
				A52B94701EAA6C98008587C6 /* App-Bridging-Header.h */,
			);
			name = Sources;
			sourceTree = "<group>";
		};
		A5810BEC1E7F74A300759112 /* Resources */ = {
			isa = PBXGroup;
			children = (
				A5D985F71E84D0050052B73C /* Schemes */,
				A5130E051E7F63CE002E049C /* Info.plist */,
				A5810BEF1E7F74CC00759112 /* DefaultSettings.xib */,
				A5810BF01E7F74CC00759112 /* Media.xcassets */,
			);
			name = Resources;
			sourceTree = "<group>";
		};
		A5810BF31E7F750300759112 /* Sources */ = {
			isa = PBXGroup;
			children = (
				A5FC19491E8379C60014F61F /* Model */,
				A5FC194A1E8379D00014F61F /* Views */,
				A5FC19481E8379BC0014F61F /* Controller */,
				A5FC194B1E8379D80014F61F /* Utility */,
				A5FC194C1E8379E10014F61F /* Demo */,
			);
			name = Sources;
			sourceTree = "<group>";
		};
		A5E561CF1E876ED900D0365F /* Resources */ = {
			isa = PBXGroup;
			children = (
				A53130DC1EAFBB29009FD56F /* LipikaBoard.entitlements */,
				A5E561D11E876F0700D0365F /* Info.plist */,
				A58CA4D31E949D4900F8897F /* UserSettings.plist */,
				A5E561D01E876F0700D0365F /* Images.xcassets */,
				A5E561D41E876F1600D0365F /* LaunchScreen.storyboard */,
				A5E561D61E876F1600D0365F /* Main.storyboard */,
			);
			name = Resources;
			sourceTree = "<group>";
		};
		A5F222891EA717D300546604 /* CustomScheme */ = {
			isa = PBXGroup;
			children = (
				A5F222931EA7180B00546604 /* DocIcons */,
				A5F2228A1EA717D300546604 /* MainInterface.storyboard */,
				A5F2228C1EA717D300546604 /* CustomScheme.entitlements */,
				A5F2228D1EA717D300546604 /* Info.plist */,
				A5F2228E1EA717D300546604 /* Scheme-Bridging-Header.h */,
				A5F2228F1EA717D300546604 /* ShareViewController.swift */,
			);
			name = CustomScheme;
			path = HostingApp/LipikaBoard/CustomScheme;
			sourceTree = "<group>";
		};
		A5F222931EA7180B00546604 /* DocIcons */ = {
			isa = PBXGroup;
			children = (
				A5F222941EA7180B00546604 /* Lipika-320.png */,
				A5F222951EA7180B00546604 /* Lipika-320@2x.png */,
				A5F222961EA7180B00546604 /* Lipika-64.png */,
				A5F222971EA7180B00546604 /* Lipika-64@2x.png */,
			);
			name = DocIcons;
			path = HostingApp/LipikaBoard/DocIcons;
			sourceTree = SOURCE_ROOT;
		};
		A5FC19481E8379BC0014F61F /* Controller */ = {
			isa = PBXGroup;
			children = (
				A5810BD01E7F747300759112 /* ForwardingView.swift */,
				A5810BD31E7F747300759112 /* KeyboardInputTraits.swift */,
				A5810BD61E7F747300759112 /* KeyboardLayout.swift */,
				A5810BD81E7F747300759112 /* KeyboardViewController.swift */,
			);
			name = Controller;
			sourceTree = "<group>";
		};
		A5FC19491E8379C60014F61F /* Model */ = {
			isa = PBXGroup;
			children = (
				A5810BCC1E7F747300759112 /* DefaultKeyboard.swift */,
				A5810BCE1E7F747300759112 /* DirectionEnum.swift */,
				A5810BD71E7F747300759112 /* KeyboardModel.swift */,
				A50B31D61E95FB6D004A9F6D /* LipikaBoardSettings.swift */,
			);
			name = Model;
			sourceTree = "<group>";
		};
		A5FC194A1E8379D00014F61F /* Views */ = {
			isa = PBXGroup;
			children = (
				A5A57E0B1E9154B3000C9203 /* AKPickerView.swift */,
				A5810BCD1E7F747300759112 /* DefaultSettings.swift */,
				A5810BCF1E7F747300759112 /* ExtraView.swift */,
				A5810BD11E7F747300759112 /* ImageKey.swift */,
				A5810BD21E7F747300759112 /* KeyboardConnector.swift */,
				A5810BD41E7F747300759112 /* KeyboardKey.swift */,
				A5810BD51E7F747300759112 /* KeyboardKeyBackground.swift */,
				A5810BD91E7F747300759112 /* Shapes.swift */,
				A5FC194E1E837AC70014F61F /* LipikaBoard.swift */,
				A586EB3D1E902DEB00B40872 /* LipikaBanner.swift */,
			);
			name = Views;
			sourceTree = "<group>";
		};
		A5FC194B1E8379D80014F61F /* Utility */ = {
			isa = PBXGroup;
			children = (
				A5810BDA1E7F747300759112 /* Utilities.swift */,
				A55228B81E7F8E0600B2E0AA /* Keyboard-Bridging-Header.h */,
			);
			name = Utility;
			sourceTree = "<group>";
		};
		A5FC194C1E8379E10014F61F /* Demo */ = {
			isa = PBXGroup;
			children = (
				A5810BF41E7F752800759112 /* Catboard.swift */,
				A5810BCB1E7F747300759112 /* CatboardBanner.swift */,
			);
			name = Demo;
			sourceTree = "<group>";
		};
/* End PBXGroup section */

/* Begin PBXHeadersBuildPhase section */
		A51E2A441E7F78C500CCAB34 /* Headers */ = {
			isa = PBXHeadersBuildPhase;
			buildActionMask = 2147483647;
			files = (
				A55228B71E7F8CD100B2E0AA /* LipikaEngine.h in Headers */,
			);
			runOnlyForDeploymentPostprocessing = 0;
		};
/* End PBXHeadersBuildPhase section */

/* Begin PBXNativeTarget section */
		A5130E001E7F63CE002E049C /* Keyboard */ = {
			isa = PBXNativeTarget;
			buildConfigurationList = A5130E091E7F63CE002E049C /* Build configuration list for PBXNativeTarget "Keyboard" */;
			buildPhases = (
				A5130DFD1E7F63CE002E049C /* Sources */,
				A5130DFE1E7F63CE002E049C /* Frameworks */,
				A5130DFF1E7F63CE002E049C /* Resources */,
			);
			buildRules = (
			);
			dependencies = (
				A59163441E7F7B9D0031ECDD /* PBXTargetDependency */,
			);
			name = Keyboard;
			productName = Keyboard;
			productReference = A5130E011E7F63CE002E049C /* Keyboard.appex */;
			productType = "com.apple.product-type.app-extension";
		};
		A51E2A461E7F78C500CCAB34 /* LipikaEngine */ = {
			isa = PBXNativeTarget;
			buildConfigurationList = A51E2A4C1E7F78C500CCAB34 /* Build configuration list for PBXNativeTarget "LipikaEngine" */;
			buildPhases = (
				A51E2A421E7F78C500CCAB34 /* Sources */,
				A51E2A431E7F78C500CCAB34 /* Frameworks */,
				A51E2A441E7F78C500CCAB34 /* Headers */,
			);
			buildRules = (
			);
			dependencies = (
			);
			name = LipikaEngine;
			productName = LipikaEngine;
			productReference = A51E2A471E7F78C500CCAB34 /* LipikaEngine.framework */;
			productType = "com.apple.product-type.framework";
		};
		A51F685B1E7F5D260075EC06 /* LipikaBoard */ = {
			isa = PBXNativeTarget;
			buildConfigurationList = A51F686E1E7F5D260075EC06 /* Build configuration list for PBXNativeTarget "LipikaBoard" */;
			buildPhases = (
				A51F68581E7F5D260075EC06 /* Sources */,
				A51F68591E7F5D260075EC06 /* Frameworks */,
				A51F685A1E7F5D260075EC06 /* Resources */,
				A5130E0C1E7F63CE002E049C /* Embed App Extensions */,
			);
			buildRules = (
			);
			dependencies = (
				A5CA5F241EAC6C9A0056E66A /* PBXTargetDependency */,
				A5130E071E7F63CE002E049C /* PBXTargetDependency */,
				A5D036021EA2D47400BA2F07 /* PBXTargetDependency */,
			);
			name = LipikaBoard;
			productName = LipikaBoard;
			productReference = A51F685C1E7F5D260075EC06 /* LipikaBoard.app */;
			productType = "com.apple.product-type.application";
		};
		A5D035F81EA2D47400BA2F07 /* CustomScheme */ = {
			isa = PBXNativeTarget;
			buildConfigurationList = A5D036061EA2D47400BA2F07 /* Build configuration list for PBXNativeTarget "CustomScheme" */;
			buildPhases = (
				A5D035F51EA2D47400BA2F07 /* Sources */,
				A5D035F61EA2D47400BA2F07 /* Frameworks */,
				A5D035F71EA2D47400BA2F07 /* Resources */,
			);
			buildRules = (
			);
			dependencies = (
				A5F222821EA7132500546604 /* PBXTargetDependency */,
			);
			name = CustomScheme;
			productName = CustomScheme;
			productReference = A5D035F91EA2D47400BA2F07 /* CustomScheme.appex */;
			productType = "com.apple.product-type.app-extension";
		};
/* End PBXNativeTarget section */

/* Begin PBXProject section */
		A51F68541E7F5D260075EC06 /* Project object */ = {
			isa = PBXProject;
			attributes = {
				LastSwiftUpdateCheck = 0830;
				LastUpgradeCheck = 0830;
				ORGANIZATIONNAME = Daivajnanam;
				TargetAttributes = {
					A5130E001E7F63CE002E049C = {
						CreatedOnToolsVersion = 8.2.1;
						DevelopmentTeam = 7JZ87Y4JWT;
						LastSwiftMigration = 0820;
						ProvisioningStyle = Automatic;
						SystemCapabilities = {
							com.apple.ApplicationGroups.iOS = {
								enabled = 1;
							};
						};
					};
					A51E2A461E7F78C500CCAB34 = {
						CreatedOnToolsVersion = 8.2.1;
						DevelopmentTeam = 7JZ87Y4JWT;
						ProvisioningStyle = Automatic;
					};
					A51F685B1E7F5D260075EC06 = {
						CreatedOnToolsVersion = 8.2.1;
						DevelopmentTeam = 7JZ87Y4JWT;
						LastSwiftMigration = 0820;
						ProvisioningStyle = Automatic;
						SystemCapabilities = {
							com.apple.ApplicationGroups.iOS = {
								enabled = 1;
							};
						};
					};
					A5D035F81EA2D47400BA2F07 = {
						CreatedOnToolsVersion = 8.3.1;
						DevelopmentTeam = 7JZ87Y4JWT;
						LastSwiftMigration = 0830;
						ProvisioningStyle = Automatic;
						SystemCapabilities = {
							com.apple.ApplicationGroups.iOS = {
								enabled = 1;
							};
						};
					};
				};
			};
			buildConfigurationList = A51F68571E7F5D260075EC06 /* Build configuration list for PBXProject "LipikaBoard" */;
			compatibilityVersion = "Xcode 3.2";
			developmentRegion = English;
			hasScannedForEncodings = 0;
			knownRegions = (
				en,
				Base,
			);
			mainGroup = A51F68531E7F5D260075EC06;
			productRefGroup = A51F685D1E7F5D260075EC06 /* Products */;
			projectDirPath = "";
			projectRoot = "";
			targets = (
				A51F685B1E7F5D260075EC06 /* LipikaBoard */,
				A5130E001E7F63CE002E049C /* Keyboard */,
				A51E2A461E7F78C500CCAB34 /* LipikaEngine */,
				A5D035F81EA2D47400BA2F07 /* CustomScheme */,
			);
		};
/* End PBXProject section */

/* Begin PBXResourcesBuildPhase section */
		A5130DFF1E7F63CE002E049C /* Resources */ = {
			isa = PBXResourcesBuildPhase;
			buildActionMask = 2147483647;
			files = (
				A52B94731EAAA7A3008587C6 /* UserSettings.plist in Resources */,
				A58D14651E86F13E00B0A9B9 /* Schemes in Resources */,
				A5810BF21E7F74CC00759112 /* Media.xcassets in Resources */,
				A5810BF11E7F74CC00759112 /* DefaultSettings.xib in Resources */,
			);
			runOnlyForDeploymentPostprocessing = 0;
		};
		A51F685A1E7F5D260075EC06 /* Resources */ = {
			isa = PBXResourcesBuildPhase;
			buildActionMask = 2147483647;
			files = (
				A5CA5F1F1EAC662D0056E66A /* Lipika-320.png in Resources */,
				A5CA5F201EAC662D0056E66A /* Lipika-320@2x.png in Resources */,
				A5CA5F211EAC662D0056E66A /* Lipika-64.png in Resources */,
				A5CA5F221EAC662D0056E66A /* Lipika-64@2x.png in Resources */,
				A52B94721EAAA4E4008587C6 /* UserSettings.plist in Resources */,
				A5E561DA1E876F5B00D0365F /* LaunchScreen.storyboard in Resources */,
				A5E561DB1E876F5B00D0365F /* Main.storyboard in Resources */,
				A5E561D21E876F0700D0365F /* Images.xcassets in Resources */,
			);
			runOnlyForDeploymentPostprocessing = 0;
		};
		A5D035F71EA2D47400BA2F07 /* Resources */ = {
			isa = PBXResourcesBuildPhase;
			buildActionMask = 2147483647;
			files = (
				A5F222851EA714F300546604 /* Images.xcassets in Resources */,
				A5F222901EA717D300546604 /* MainInterface.storyboard in Resources */,
			);
			runOnlyForDeploymentPostprocessing = 0;
		};
/* End PBXResourcesBuildPhase section */

/* Begin PBXSourcesBuildPhase section */
		A5130DFD1E7F63CE002E049C /* Sources */ = {
			isa = PBXSourcesBuildPhase;
			buildActionMask = 2147483647;
			files = (
				A586EB3E1E902DEB00B40872 /* LipikaBanner.swift in Sources */,
				A5810BDE1E7F747300759112 /* DirectionEnum.swift in Sources */,
				A5810BF51E7F752800759112 /* Catboard.swift in Sources */,
				A5810BDC1E7F747300759112 /* DefaultKeyboard.swift in Sources */,
				A5810BE91E7F747300759112 /* Shapes.swift in Sources */,
				A50B31D81E95FB6D004A9F6D /* LipikaBoardSettings.swift in Sources */,
				A5810BE71E7F747300759112 /* KeyboardModel.swift in Sources */,
				A5810BE41E7F747300759112 /* KeyboardKey.swift in Sources */,
				A5FC194F1E837AC70014F61F /* LipikaBoard.swift in Sources */,
				A5810BE11E7F747300759112 /* ImageKey.swift in Sources */,
				A5810BEA1E7F747300759112 /* Utilities.swift in Sources */,
				A5A57E0C1E9154B3000C9203 /* AKPickerView.swift in Sources */,
				A5810BDF1E7F747300759112 /* ExtraView.swift in Sources */,
				A5810BDB1E7F747300759112 /* CatboardBanner.swift in Sources */,
				A5810BE61E7F747300759112 /* KeyboardLayout.swift in Sources */,
				A5810BDD1E7F747300759112 /* DefaultSettings.swift in Sources */,
				A5810BE21E7F747300759112 /* KeyboardConnector.swift in Sources */,
				A5810BE01E7F747300759112 /* ForwardingView.swift in Sources */,
				A5810BE81E7F747300759112 /* KeyboardViewController.swift in Sources */,
				A5810BE31E7F747300759112 /* KeyboardInputTraits.swift in Sources */,
				A5810BE51E7F747300759112 /* KeyboardKeyBackground.swift in Sources */,
			);
			runOnlyForDeploymentPostprocessing = 0;
		};
		A51E2A421E7F78C500CCAB34 /* Sources */ = {
			isa = PBXSourcesBuildPhase;
			buildActionMask = 2147483647;
			files = (
				A51E2AEF1E7F79CD00CCAB34 /* DJInputSchemeFactory.m in Sources */,
				A51E2B191E7F7A2F00CCAB34 /* DJLipikaHelper.m in Sources */,
				A51E2AFE1E7F79CD00CCAB34 /* DJGoogleReverseMapping.m in Sources */,
				A51E2B031E7F79CD00CCAB34 /* DJLipikaInputScheme.m in Sources */,
				A51E2AFA1E7F79CD00CCAB34 /* DJGoogleForwardMapping.m in Sources */,
				A51E2AE61E7F79CC00CCAB34 /* DJActiveBufferManager.m in Sources */,
				A51E2B051E7F79CD00CCAB34 /* DJLipikaSchemeFactory.m in Sources */,
				A51E2AF61E7F79CD00CCAB34 /* DJSimpleForwardMapping.m in Sources */,
				A51E2AF81E7F79CD00CCAB34 /* DJSimpleReverseMapping.m in Sources */,
				A51E2B001E7F79CD00CCAB34 /* DJGoogleSchemeFactory.m in Sources */,
				A51E2B151E7F7A2F00CCAB34 /* DJLipikaUserSettings.m in Sources */,
				A51E2B1A1E7F7A2F00CCAB34 /* DJLogger.m in Sources */,
				A51E2AF41E7F79CD00CCAB34 /* DJSchemeHelper.m in Sources */,
				A51E2AFC1E7F79CD00CCAB34 /* DJGoogleInputScheme.m in Sources */,
				A51E2AEA1E7F79CC00CCAB34 /* DJStringBufferManager.m in Sources */,
				A51E2AE81E7F79CC00CCAB34 /* DJInputMethodEngine.m in Sources */,
				A51E2AF11E7F79CD00CCAB34 /* DJParseOutput.m in Sources */,
				A51E2B081E7F79CD00CCAB34 /* DJReadWriteTrie.m in Sources */,
				A51E2B0A1E7F79CD00CCAB34 /* DJTrieNode.m in Sources */,
			);
			runOnlyForDeploymentPostprocessing = 0;
		};
		A51F68581E7F5D260075EC06 /* Sources */ = {
			isa = PBXSourcesBuildPhase;
			buildActionMask = 2147483647;
			files = (
				A5CE88271E7F5E1800A70B6F /* ViewController.swift in Sources */,
				A5CE88261E7F5E1800A70B6F /* AppDelegate.swift in Sources */,
				A589557F1EB62CC6006E84E9 /* MappingsController.swift in Sources */,
				A50B31D71E95FB6D004A9F6D /* LipikaBoardSettings.swift in Sources */,
			);
			runOnlyForDeploymentPostprocessing = 0;
		};
		A5D035F51EA2D47400BA2F07 /* Sources */ = {
			isa = PBXSourcesBuildPhase;
			buildActionMask = 2147483647;
			files = (
				A52B94711EAA9E49008587C6 /* LipikaBoardSettings.swift in Sources */,
				A5F222921EA717D300546604 /* ShareViewController.swift in Sources */,
			);
			runOnlyForDeploymentPostprocessing = 0;
		};
/* End PBXSourcesBuildPhase section */

/* Begin PBXTargetDependency section */
		A5130E071E7F63CE002E049C /* PBXTargetDependency */ = {
			isa = PBXTargetDependency;
			target = A5130E001E7F63CE002E049C /* Keyboard */;
			targetProxy = A5130E061E7F63CE002E049C /* PBXContainerItemProxy */;
		};
		A59163441E7F7B9D0031ECDD /* PBXTargetDependency */ = {
			isa = PBXTargetDependency;
			target = A51E2A461E7F78C500CCAB34 /* LipikaEngine */;
			targetProxy = A59163431E7F7B9D0031ECDD /* PBXContainerItemProxy */;
		};
		A5CA5F241EAC6C9A0056E66A /* PBXTargetDependency */ = {
			isa = PBXTargetDependency;
			target = A51E2A461E7F78C500CCAB34 /* LipikaEngine */;
			targetProxy = A5CA5F231EAC6C9A0056E66A /* PBXContainerItemProxy */;
		};
		A5D036021EA2D47400BA2F07 /* PBXTargetDependency */ = {
			isa = PBXTargetDependency;
			target = A5D035F81EA2D47400BA2F07 /* CustomScheme */;
			targetProxy = A5D036011EA2D47400BA2F07 /* PBXContainerItemProxy */;
		};
		A5F222821EA7132500546604 /* PBXTargetDependency */ = {
			isa = PBXTargetDependency;
			target = A51E2A461E7F78C500CCAB34 /* LipikaEngine */;
			targetProxy = A5F222811EA7132500546604 /* PBXContainerItemProxy */;
		};
/* End PBXTargetDependency section */

/* Begin PBXVariantGroup section */
		A5E561D41E876F1600D0365F /* LaunchScreen.storyboard */ = {
			isa = PBXVariantGroup;
			children = (
				A5E561D51E876F1600D0365F /* Base */,
			);
			name = LaunchScreen.storyboard;
			sourceTree = "<group>";
		};
		A5E561D61E876F1600D0365F /* Main.storyboard */ = {
			isa = PBXVariantGroup;
			children = (
				A5E561D71E876F1600D0365F /* Base */,
			);
			name = Main.storyboard;
			sourceTree = "<group>";
		};
		A5F2228A1EA717D300546604 /* MainInterface.storyboard */ = {
			isa = PBXVariantGroup;
			children = (
				A5F2228B1EA717D300546604 /* Base */,
			);
			name = MainInterface.storyboard;
			sourceTree = "<group>";
		};
/* End PBXVariantGroup section */

/* Begin XCBuildConfiguration section */
		A5130E0A1E7F63CE002E049C /* Debug */ = {
			isa = XCBuildConfiguration;
			buildSettings = {
				CLANG_ALLOW_NON_MODULAR_INCLUDES_IN_FRAMEWORK_MODULES = YES;
				CODE_SIGN_ENTITLEMENTS = Keyboard/Keyboard.entitlements;
				CODE_SIGN_IDENTITY = "iPhone Developer";
				"CODE_SIGN_IDENTITY[sdk=iphoneos*]" = "iPhone Developer";
				DEVELOPMENT_TEAM = 7JZ87Y4JWT;
				INFOPLIST_FILE = Keyboard/Info.plist;
				LD_RUNPATH_SEARCH_PATHS = "$(inherited) @executable_path/Frameworks @executable_path/../../Frameworks";
				PRODUCT_BUNDLE_IDENTIFIER = com.daivajnanam.LipikaBoard.Keyboard;
				PRODUCT_NAME = "$(TARGET_NAME)";
				PROVISIONING_PROFILE_SPECIFIER = "";
				SKIP_INSTALL = YES;
				SWIFT_OBJC_BRIDGING_HEADER = "Keyboard/Keyboard-Bridging-Header.h";
				SWIFT_OPTIMIZATION_LEVEL = "-Onone";
				SWIFT_VERSION = 3.0;
			};
			name = Debug;
		};
		A5130E0B1E7F63CE002E049C /* Release */ = {
			isa = XCBuildConfiguration;
			buildSettings = {
				CLANG_ALLOW_NON_MODULAR_INCLUDES_IN_FRAMEWORK_MODULES = YES;
				CODE_SIGN_ENTITLEMENTS = Keyboard/Keyboard.entitlements;
				CODE_SIGN_IDENTITY = "iPhone Developer";
				"CODE_SIGN_IDENTITY[sdk=iphoneos*]" = "iPhone Developer";
				DEVELOPMENT_TEAM = 7JZ87Y4JWT;
				INFOPLIST_FILE = Keyboard/Info.plist;
				LD_RUNPATH_SEARCH_PATHS = "$(inherited) @executable_path/Frameworks @executable_path/../../Frameworks";
				PRODUCT_BUNDLE_IDENTIFIER = com.daivajnanam.LipikaBoard.Keyboard;
				PRODUCT_NAME = "$(TARGET_NAME)";
				PROVISIONING_PROFILE_SPECIFIER = "";
				SKIP_INSTALL = YES;
				SWIFT_OBJC_BRIDGING_HEADER = "Keyboard/Keyboard-Bridging-Header.h";
				SWIFT_VERSION = 3.0;
			};
			name = Release;
		};
		A51E2A4D1E7F78C500CCAB34 /* Debug */ = {
			isa = XCBuildConfiguration;
			buildSettings = {
				CLANG_ALLOW_NON_MODULAR_INCLUDES_IN_FRAMEWORK_MODULES = YES;
				CODE_SIGN_IDENTITY = "iPhone Developer";
				"CODE_SIGN_IDENTITY[sdk=iphoneos*]" = "iPhone Developer";
				DEFINES_MODULE = YES;
				DEVELOPMENT_TEAM = 7JZ87Y4JWT;
				DYLIB_COMPATIBILITY_VERSION = 1;
				DYLIB_CURRENT_VERSION = 1;
				INFOPLIST_FILE = EngineFramework/Resources/Info.plist;
				LD_RUNPATH_SEARCH_PATHS = "$(inherited) @executable_path/Frameworks @loader_path/Frameworks";
				MACH_O_TYPE = staticlib;
				PRODUCT_BUNDLE_IDENTIFIER = com.daivajnanam.LipikaEngine;
				PRODUCT_NAME = "$(TARGET_NAME)";
				PROVISIONING_PROFILE_SPECIFIER = "";
				SKIP_INSTALL = YES;
			};
			name = Debug;
		};
		A51E2A4E1E7F78C500CCAB34 /* Release */ = {
			isa = XCBuildConfiguration;
			buildSettings = {
				CLANG_ALLOW_NON_MODULAR_INCLUDES_IN_FRAMEWORK_MODULES = YES;
				CODE_SIGN_IDENTITY = "iPhone Developer";
				"CODE_SIGN_IDENTITY[sdk=iphoneos*]" = "iPhone Developer";
				DEFINES_MODULE = YES;
				DEVELOPMENT_TEAM = 7JZ87Y4JWT;
				DYLIB_COMPATIBILITY_VERSION = 1;
				DYLIB_CURRENT_VERSION = 1;
				INFOPLIST_FILE = EngineFramework/Resources/Info.plist;
				LD_RUNPATH_SEARCH_PATHS = "$(inherited) @executable_path/Frameworks @loader_path/Frameworks";
				MACH_O_TYPE = staticlib;
				PRODUCT_BUNDLE_IDENTIFIER = com.daivajnanam.LipikaEngine;
				PRODUCT_NAME = "$(TARGET_NAME)";
				PROVISIONING_PROFILE_SPECIFIER = "";
				SKIP_INSTALL = YES;
			};
			name = Release;
		};
		A51F686C1E7F5D260075EC06 /* Debug */ = {
			isa = XCBuildConfiguration;
			buildSettings = {
				ALWAYS_SEARCH_USER_PATHS = NO;
				CLANG_ANALYZER_NONNULL = YES;
				CLANG_CXX_LANGUAGE_STANDARD = "gnu++0x";
				CLANG_CXX_LIBRARY = "libc++";
				CLANG_ENABLE_MODULES = YES;
				CLANG_ENABLE_OBJC_ARC = YES;
				CLANG_WARN_BOOL_CONVERSION = YES;
				CLANG_WARN_CONSTANT_CONVERSION = YES;
				CLANG_WARN_DIRECT_OBJC_ISA_USAGE = YES_ERROR;
				CLANG_WARN_DOCUMENTATION_COMMENTS = YES;
				CLANG_WARN_EMPTY_BODY = YES;
				CLANG_WARN_ENUM_CONVERSION = YES;
				CLANG_WARN_INFINITE_RECURSION = YES;
				CLANG_WARN_INT_CONVERSION = YES;
				CLANG_WARN_OBJC_ROOT_CLASS = YES_ERROR;
				CLANG_WARN_SUSPICIOUS_MOVE = YES;
				CLANG_WARN_UNREACHABLE_CODE = YES;
				CLANG_WARN__DUPLICATE_METHOD_MATCH = YES;
				"CODE_SIGN_IDENTITY[sdk=iphoneos*]" = "iPhone Developer";
				COPY_PHASE_STRIP = NO;
				DEBUG_INFORMATION_FORMAT = dwarf;
				ENABLE_STRICT_OBJC_MSGSEND = YES;
				ENABLE_TESTABILITY = YES;
				GCC_C_LANGUAGE_STANDARD = gnu99;
				GCC_DYNAMIC_NO_PIC = NO;
				GCC_NO_COMMON_BLOCKS = YES;
				GCC_OPTIMIZATION_LEVEL = 0;
				GCC_PREPROCESSOR_DEFINITIONS = (
					"DEBUG=1",
					"$(inherited)",
				);
				GCC_WARN_64_TO_32_BIT_CONVERSION = YES;
				GCC_WARN_ABOUT_RETURN_TYPE = YES_ERROR;
				GCC_WARN_UNDECLARED_SELECTOR = YES;
				GCC_WARN_UNINITIALIZED_AUTOS = YES_AGGRESSIVE;
				GCC_WARN_UNUSED_FUNCTION = YES;
				GCC_WARN_UNUSED_VARIABLE = YES;
				IPHONEOS_DEPLOYMENT_TARGET = 10.2;
				MTL_ENABLE_DEBUG_INFO = YES;
				ONLY_ACTIVE_ARCH = YES;
				SDKROOT = iphoneos;
				SWIFT_ACTIVE_COMPILATION_CONDITIONS = DEBUG;
				SWIFT_OPTIMIZATION_LEVEL = "-Onone";
				TARGETED_DEVICE_FAMILY = "1,2";
			};
			name = Debug;
		};
		A51F686D1E7F5D260075EC06 /* Release */ = {
			isa = XCBuildConfiguration;
			buildSettings = {
				ALWAYS_SEARCH_USER_PATHS = NO;
				CLANG_ANALYZER_NONNULL = YES;
				CLANG_CXX_LANGUAGE_STANDARD = "gnu++0x";
				CLANG_CXX_LIBRARY = "libc++";
				CLANG_ENABLE_MODULES = YES;
				CLANG_ENABLE_OBJC_ARC = YES;
				CLANG_WARN_BOOL_CONVERSION = YES;
				CLANG_WARN_CONSTANT_CONVERSION = YES;
				CLANG_WARN_DIRECT_OBJC_ISA_USAGE = YES_ERROR;
				CLANG_WARN_DOCUMENTATION_COMMENTS = YES;
				CLANG_WARN_EMPTY_BODY = YES;
				CLANG_WARN_ENUM_CONVERSION = YES;
				CLANG_WARN_INFINITE_RECURSION = YES;
				CLANG_WARN_INT_CONVERSION = YES;
				CLANG_WARN_OBJC_ROOT_CLASS = YES_ERROR;
				CLANG_WARN_SUSPICIOUS_MOVE = YES;
				CLANG_WARN_UNREACHABLE_CODE = YES;
				CLANG_WARN__DUPLICATE_METHOD_MATCH = YES;
				"CODE_SIGN_IDENTITY[sdk=iphoneos*]" = "iPhone Developer";
				COPY_PHASE_STRIP = NO;
				DEBUG_INFORMATION_FORMAT = "dwarf-with-dsym";
				ENABLE_NS_ASSERTIONS = NO;
				ENABLE_STRICT_OBJC_MSGSEND = YES;
				GCC_C_LANGUAGE_STANDARD = gnu99;
				GCC_NO_COMMON_BLOCKS = YES;
				GCC_WARN_64_TO_32_BIT_CONVERSION = YES;
				GCC_WARN_ABOUT_RETURN_TYPE = YES_ERROR;
				GCC_WARN_UNDECLARED_SELECTOR = YES;
				GCC_WARN_UNINITIALIZED_AUTOS = YES_AGGRESSIVE;
				GCC_WARN_UNUSED_FUNCTION = YES;
				GCC_WARN_UNUSED_VARIABLE = YES;
				IPHONEOS_DEPLOYMENT_TARGET = 10.2;
				MTL_ENABLE_DEBUG_INFO = NO;
				SDKROOT = iphoneos;
				SWIFT_OPTIMIZATION_LEVEL = "-Owholemodule";
				TARGETED_DEVICE_FAMILY = "1,2";
				VALIDATE_PRODUCT = YES;
			};
			name = Release;
		};
		A51F686F1E7F5D260075EC06 /* Debug */ = {
			isa = XCBuildConfiguration;
			buildSettings = {
				ALWAYS_EMBED_SWIFT_STANDARD_LIBRARIES = YES;
				ASSETCATALOG_COMPILER_APPICON_NAME = AppIcon;
				CLANG_ALLOW_NON_MODULAR_INCLUDES_IN_FRAMEWORK_MODULES = YES;
				CLANG_ENABLE_MODULES = YES;
				CODE_SIGN_ENTITLEMENTS = HostingApp/LipikaBoard/LipikaBoard.entitlements;
				CODE_SIGN_IDENTITY = "iPhone Developer";
				DEVELOPMENT_TEAM = 7JZ87Y4JWT;
				INFOPLIST_FILE = "$(SRCROOT)/HostingApp/LipikaBoard/Info.plist";
				LD_RUNPATH_SEARCH_PATHS = "$(inherited) @executable_path/Frameworks";
				PRODUCT_BUNDLE_IDENTIFIER = com.daivajnanam.LipikaBoard;
				PRODUCT_NAME = "$(TARGET_NAME)";
				PROVISIONING_PROFILE_SPECIFIER = "";
				SWIFT_OBJC_BRIDGING_HEADER = "HostingApp/LipikaBoard/App-Bridging-Header.h";
				SWIFT_OPTIMIZATION_LEVEL = "-Onone";
				SWIFT_VERSION = 3.0;
			};
			name = Debug;
		};
		A51F68701E7F5D260075EC06 /* Release */ = {
			isa = XCBuildConfiguration;
			buildSettings = {
				ALWAYS_EMBED_SWIFT_STANDARD_LIBRARIES = YES;
				ASSETCATALOG_COMPILER_APPICON_NAME = AppIcon;
				CLANG_ALLOW_NON_MODULAR_INCLUDES_IN_FRAMEWORK_MODULES = YES;
				CLANG_ENABLE_MODULES = YES;
				CODE_SIGN_ENTITLEMENTS = HostingApp/LipikaBoard/LipikaBoard.entitlements;
				CODE_SIGN_IDENTITY = "iPhone Developer";
				DEVELOPMENT_TEAM = 7JZ87Y4JWT;
				INFOPLIST_FILE = "$(SRCROOT)/HostingApp/LipikaBoard/Info.plist";
				LD_RUNPATH_SEARCH_PATHS = "$(inherited) @executable_path/Frameworks";
				PRODUCT_BUNDLE_IDENTIFIER = com.daivajnanam.LipikaBoard;
				PRODUCT_NAME = "$(TARGET_NAME)";
				PROVISIONING_PROFILE_SPECIFIER = "";
				SWIFT_OBJC_BRIDGING_HEADER = "HostingApp/LipikaBoard/App-Bridging-Header.h";
				SWIFT_VERSION = 3.0;
			};
			name = Release;
		};
		A5D036041EA2D47400BA2F07 /* Debug */ = {
			isa = XCBuildConfiguration;
			buildSettings = {
				ASSETCATALOG_COMPILER_APPICON_NAME = AppIcon;
				CLANG_ALLOW_NON_MODULAR_INCLUDES_IN_FRAMEWORK_MODULES = YES;
				CODE_SIGN_ENTITLEMENTS = HostingApp/LipikaBoard/CustomScheme/CustomScheme.entitlements;
				CODE_SIGN_IDENTITY = "iPhone Developer";
				DEVELOPMENT_TEAM = 7JZ87Y4JWT;
				INFOPLIST_FILE = HostingApp/LipikaBoard/CustomScheme/Info.plist;
				LD_RUNPATH_SEARCH_PATHS = "$(inherited) @executable_path/Frameworks @executable_path/../../Frameworks";
				PRODUCT_BUNDLE_IDENTIFIER = com.daivajnanam.LipikaBoard.CustomScheme;
				PRODUCT_NAME = "$(TARGET_NAME)";
				SKIP_INSTALL = YES;
				SWIFT_OBJC_BRIDGING_HEADER = "HostingApp/LipikaBoard/CustomScheme/Scheme-Bridging-Header.h";
				SWIFT_OPTIMIZATION_LEVEL = "-Onone";
				SWIFT_VERSION = 3.0;
			};
			name = Debug;
		};
		A5D036051EA2D47400BA2F07 /* Release */ = {
			isa = XCBuildConfiguration;
			buildSettings = {
				ASSETCATALOG_COMPILER_APPICON_NAME = AppIcon;
				CLANG_ALLOW_NON_MODULAR_INCLUDES_IN_FRAMEWORK_MODULES = YES;
				CODE_SIGN_ENTITLEMENTS = HostingApp/LipikaBoard/CustomScheme/CustomScheme.entitlements;
				CODE_SIGN_IDENTITY = "iPhone Developer";
				DEVELOPMENT_TEAM = 7JZ87Y4JWT;
				INFOPLIST_FILE = HostingApp/LipikaBoard/CustomScheme/Info.plist;
				LD_RUNPATH_SEARCH_PATHS = "$(inherited) @executable_path/Frameworks @executable_path/../../Frameworks";
				PRODUCT_BUNDLE_IDENTIFIER = com.daivajnanam.LipikaBoard.CustomScheme;
				PRODUCT_NAME = "$(TARGET_NAME)";
				SKIP_INSTALL = YES;
				SWIFT_OBJC_BRIDGING_HEADER = "HostingApp/LipikaBoard/CustomScheme/Scheme-Bridging-Header.h";
				SWIFT_VERSION = 3.0;
			};
			name = Release;
		};
/* End XCBuildConfiguration section */

/* Begin XCConfigurationList section */
		A5130E091E7F63CE002E049C /* Build configuration list for PBXNativeTarget "Keyboard" */ = {
			isa = XCConfigurationList;
			buildConfigurations = (
				A5130E0A1E7F63CE002E049C /* Debug */,
				A5130E0B1E7F63CE002E049C /* Release */,
			);
			defaultConfigurationIsVisible = 0;
			defaultConfigurationName = Release;
		};
		A51E2A4C1E7F78C500CCAB34 /* Build configuration list for PBXNativeTarget "LipikaEngine" */ = {
			isa = XCConfigurationList;
			buildConfigurations = (
				A51E2A4D1E7F78C500CCAB34 /* Debug */,
				A51E2A4E1E7F78C500CCAB34 /* Release */,
			);
			defaultConfigurationIsVisible = 0;
			defaultConfigurationName = Release;
		};
		A51F68571E7F5D260075EC06 /* Build configuration list for PBXProject "LipikaBoard" */ = {
			isa = XCConfigurationList;
			buildConfigurations = (
				A51F686C1E7F5D260075EC06 /* Debug */,
				A51F686D1E7F5D260075EC06 /* Release */,
			);
			defaultConfigurationIsVisible = 0;
			defaultConfigurationName = Release;
		};
		A51F686E1E7F5D260075EC06 /* Build configuration list for PBXNativeTarget "LipikaBoard" */ = {
			isa = XCConfigurationList;
			buildConfigurations = (
				A51F686F1E7F5D260075EC06 /* Debug */,
				A51F68701E7F5D260075EC06 /* Release */,
			);
			defaultConfigurationIsVisible = 0;
			defaultConfigurationName = Release;
		};
		A5D036061EA2D47400BA2F07 /* Build configuration list for PBXNativeTarget "CustomScheme" */ = {
			isa = XCConfigurationList;
			buildConfigurations = (
				A5D036041EA2D47400BA2F07 /* Debug */,
				A5D036051EA2D47400BA2F07 /* Release */,
			);
			defaultConfigurationIsVisible = 0;
			defaultConfigurationName = Release;
		};
/* End XCConfigurationList section */
	};
	rootObject = A51F68541E7F5D260075EC06 /* Project object */;
}
