// !$*UTF8*$!
{
	archiveVersion = 1;
	classes = {
	};
	objectVersion = 46;
	objects = {

/* Begin PBXBuildFile section */
		8D11072A0486CEB800E47090 /* MainMenu.nib in Resources */ = {isa = PBXBuildFile; fileRef = 29B97318FDCFA39411CA2CEA /* MainMenu.nib */; };
		8D11072B0486CEB800E47090 /* InfoPlist.strings in Resources */ = {isa = PBXBuildFile; fileRef = 089C165CFE840E0CC02AAC07 /* InfoPlist.strings */; };
		8D11072F0486CEB800E47090 /* Cocoa.framework in Frameworks */ = {isa = PBXBuildFile; fileRef = 1058C7A1FEA54F0111CA2CBB /* Cocoa.framework */; };
		A50DA10E16DABB63003C99C6 /* UserSettings.plist in Resources */ = {isa = PBXBuildFile; fileRef = A50DA10D16DABB63003C99C6 /* UserSettings.plist */; };
		A50E952716DBE3BA000D2C7F /* LipikaIMESpecialCharsTest.m in Sources */ = {isa = PBXBuildFile; fileRef = A50E952616DBE3BA000D2C7F /* LipikaIMESpecialCharsTest.m */; };
		A50F303A16C89E3D005147EB /* LICENSE in Resources */ = {isa = PBXBuildFile; fileRef = A50F303916C89E3D005147EB /* LICENSE */; };
		A51C0A8E17DC0E0500DA54C7 /* DJGoogleForwardMapping.m in Sources */ = {isa = PBXBuildFile; fileRef = A51C0A8D17DC0E0500DA54C7 /* DJGoogleForwardMapping.m */; };
		A51C0A9117DC0E9400DA54C7 /* DJGoogleSchemeFactory.m in Sources */ = {isa = PBXBuildFile; fileRef = A51C0A9017DC0E9400DA54C7 /* DJGoogleSchemeFactory.m */; };
		A52475D4180B2A0A007037CC /* DJNestedReverseTest.m in Sources */ = {isa = PBXBuildFile; fileRef = A52475D3180B2A0A007037CC /* DJNestedReverseTest.m */; };
		A527F273170A36E40087C56C /* LipikaIMEInputStringText.m in Sources */ = {isa = PBXBuildFile; fileRef = A527F272170A36E40087C56C /* LipikaIMEInputStringText.m */; };
		A5345AAE16D185D800AD6486 /* LipikaIMEBufferReplayTest.m in Sources */ = {isa = PBXBuildFile; fileRef = A5345AAD16D185D800AD6486 /* LipikaIMEBufferReplayTest.m */; };
		A53672FD1708C96D00B5C1E6 /* icon.icns in Resources */ = {isa = PBXBuildFile; fileRef = A53672FC1708C96D00B5C1E6 /* icon.icns */; };
		A53A71E917EAA7A900AFC09A /* DJGoogleReverseMapping.m in Sources */ = {isa = PBXBuildFile; fileRef = A53A71E817EAA7A900AFC09A /* DJGoogleReverseMapping.m */; };
		A54045C316C09ECB00A6BBD3 /* LipikaIMENestedClassTest.m in Sources */ = {isa = PBXBuildFile; fileRef = A54045C216C09ECB00A6BBD3 /* LipikaIMENestedClassTest.m */; };
		A550D2C21839FB540015CA7F /* DJInputSchemeUberFactory.m in Sources */ = {isa = PBXBuildFile; fileRef = A5E3818B1839DACF00312E1F /* DJInputSchemeUberFactory.m */; };
		A55B44BE16BF24D000CC8E94 /* LipikaIMEEngineTest.m in Sources */ = {isa = PBXBuildFile; fileRef = A55B44BD16BF24D000CC8E94 /* LipikaIMEEngineTest.m */; };
		A563223417CAE7D0000D4453 /* DJLipikaFileConvertor.m in Sources */ = {isa = PBXBuildFile; fileRef = A563223317CAE7D0000D4453 /* DJLipikaFileConvertor.m */; };
		A5638A5017DD08470078053A /* DJGoogleInputScheme.m in Sources */ = {isa = PBXBuildFile; fileRef = A5638A4F17DD08470078053A /* DJGoogleInputScheme.m */; };
		A576704617E648B8009EEEC0 /* DJGoogleSchemeFactory.m in Sources */ = {isa = PBXBuildFile; fileRef = A51C0A9017DC0E9400DA54C7 /* DJGoogleSchemeFactory.m */; };
		A576704717E648E3009EEEC0 /* DJGoogleInputScheme.m in Sources */ = {isa = PBXBuildFile; fileRef = A5638A4F17DD08470078053A /* DJGoogleInputScheme.m */; };
		A576704817E64996009EEEC0 /* DJGoogleForwardMapping.m in Sources */ = {isa = PBXBuildFile; fileRef = A51C0A8D17DC0E0500DA54C7 /* DJGoogleForwardMapping.m */; };
		A58BA2DC16FFE5F3001DE998 /* DJPreferenceController.m in Sources */ = {isa = PBXBuildFile; fileRef = A58BA2DA16FFE5F3001DE998 /* DJPreferenceController.m */; };
		A5B11D2D16BC587E003CD7E7 /* InputMethodKit.framework in Frameworks */ = {isa = PBXBuildFile; fileRef = E93074B60A5C264700470842 /* InputMethodKit.framework */; };
		A5B11D2E16BC5881003CD7E7 /* Cocoa.framework in Frameworks */ = {isa = PBXBuildFile; fileRef = 1058C7A1FEA54F0111CA2CBB /* Cocoa.framework */; };
		A5BA7D5A181D912100461B2F /* Foundation.framework in Frameworks */ = {isa = PBXBuildFile; fileRef = A5BA7D59181D912100461B2F /* Foundation.framework */; };
		A5BA7D66181D91A000461B2F /* Carbon.framework in Frameworks */ = {isa = PBXBuildFile; fileRef = A5BA7D65181D91A000461B2F /* Carbon.framework */; };
		A5BA7D68181DA28100461B2F /* main.m in Sources */ = {isa = PBXBuildFile; fileRef = A5BA7D67181DA28100461B2F /* main.m */; };
		A5C2FEBA17EF64AA00653E7A /* DJGoogleReverseMapping.m in Sources */ = {isa = PBXBuildFile; fileRef = A53A71E817EAA7A900AFC09A /* DJGoogleReverseMapping.m */; };
		A5C54E0516BA20C1007F631D /* SenTestingKit.framework in Frameworks */ = {isa = PBXBuildFile; fileRef = A5C54E0416BA20C1007F631D /* SenTestingKit.framework */; };
		A5C54E0E16BA20C1007F631D /* InfoPlist.strings in Resources */ = {isa = PBXBuildFile; fileRef = A5C54E0C16BA20C1007F631D /* InfoPlist.strings */; };
		A5C54E1116BA20C1007F631D /* LipikaIMESchemeTest.m in Sources */ = {isa = PBXBuildFile; fileRef = A5C54E1016BA20C1007F631D /* LipikaIMESchemeTest.m */; };
		A5C579F716C6F872000A54FA /* LipikaIMEBufferManagerTest.m in Sources */ = {isa = PBXBuildFile; fileRef = A5C579F616C6F872000A54FA /* LipikaIMEBufferManagerTest.m */; };
		A5C6BB2116B5A5F100B02E1B /* Schemes in Resources */ = {isa = PBXBuildFile; fileRef = A5C6BB2016B5A5F100B02E1B /* Schemes */; };
		A5CD9EDF16EBFEAD0024A20A /* Preferences.xib in Resources */ = {isa = PBXBuildFile; fileRef = A5CD9EDD16EBFEAD0024A20A /* Preferences.xib */; };
		A5CD9EE416EBFECA0024A20A /* main.m in Sources */ = {isa = PBXBuildFile; fileRef = A5CD9EE216EBFECA0024A20A /* main.m */; };
		A5CD9EEF16EBFEED0024A20A /* DJLipikaAppDelegate.m in Sources */ = {isa = PBXBuildFile; fileRef = A5CD9EE616EBFEED0024A20A /* DJLipikaAppDelegate.m */; };
		A5CD9EF016EBFEED0024A20A /* DJLipikaInputController.m in Sources */ = {isa = PBXBuildFile; fileRef = A5CD9EE816EBFEED0024A20A /* DJLipikaInputController.m */; };
		A5CD9EF116EBFEED0024A20A /* DJLipikaUserSettings.m in Sources */ = {isa = PBXBuildFile; fileRef = A5CD9EEA16EBFEED0024A20A /* DJLipikaUserSettings.m */; };
		A5CD9EF216EBFEED0024A20A /* DJLogger.m in Sources */ = {isa = PBXBuildFile; fileRef = A5CD9EEC16EBFEED0024A20A /* DJLogger.m */; };
		A5CD9F0016EBFF170024A20A /* DJInputEngineFactory.m in Sources */ = {isa = PBXBuildFile; fileRef = A5CD9EF516EBFF170024A20A /* DJInputEngineFactory.m */; };
		A5CD9F0116EBFF170024A20A /* DJInputMethodEngine.m in Sources */ = {isa = PBXBuildFile; fileRef = A5CD9EF716EBFF170024A20A /* DJInputMethodEngine.m */; };
		A5CD9F0316EBFF170024A20A /* DJLipikaBufferManager.m in Sources */ = {isa = PBXBuildFile; fileRef = A5CD9EFB16EBFF170024A20A /* DJLipikaBufferManager.m */; };
		A5CD9F0416EBFF170024A20A /* DJParseOutput.m in Sources */ = {isa = PBXBuildFile; fileRef = A5CD9EFD16EBFF170024A20A /* DJParseOutput.m */; };
		A5CD9F0516EBFF170024A20A /* DJParseTreeNode.m in Sources */ = {isa = PBXBuildFile; fileRef = A5CD9EFF16EBFF170024A20A /* DJParseTreeNode.m */; };
		A5CD9F0716EBFF4E0024A20A /* LipikaIcon.png in Resources */ = {isa = PBXBuildFile; fileRef = A5CD9F0616EBFF4E0024A20A /* LipikaIcon.png */; };
		A5CD9F0D16EC01230024A20A /* TestHappyCase.scm in Resources */ = {isa = PBXBuildFile; fileRef = A5CD9F0816EC01230024A20A /* TestHappyCase.scm */; };
		A5CD9F0E16EC01230024A20A /* TestITRANS.scm in Resources */ = {isa = PBXBuildFile; fileRef = A5CD9F0916EC01230024A20A /* TestITRANS.scm */; };
		A5CD9F0F16EC01230024A20A /* TestMultipleReplay.scm in Resources */ = {isa = PBXBuildFile; fileRef = A5CD9F0A16EC01230024A20A /* TestMultipleReplay.scm */; };
		A5CD9F1016EC01230024A20A /* TestNestedClass.scm in Resources */ = {isa = PBXBuildFile; fileRef = A5CD9F0B16EC01230024A20A /* TestNestedClass.scm */; };
		A5CD9F1116EC01230024A20A /* TestSpecialChars.scm in Resources */ = {isa = PBXBuildFile; fileRef = A5CD9F0C16EC01230024A20A /* TestSpecialChars.scm */; };
		A5CD9F1216EC01EC0024A20A /* DJInputEngineFactory.m in Sources */ = {isa = PBXBuildFile; fileRef = A5CD9EF516EBFF170024A20A /* DJInputEngineFactory.m */; };
		A5CD9F1316EC01EC0024A20A /* DJInputMethodEngine.m in Sources */ = {isa = PBXBuildFile; fileRef = A5CD9EF716EBFF170024A20A /* DJInputMethodEngine.m */; };
		A5CD9F1516EC01EC0024A20A /* DJLipikaBufferManager.m in Sources */ = {isa = PBXBuildFile; fileRef = A5CD9EFB16EBFF170024A20A /* DJLipikaBufferManager.m */; };
		A5CD9F1616EC01EC0024A20A /* DJParseOutput.m in Sources */ = {isa = PBXBuildFile; fileRef = A5CD9EFD16EBFF170024A20A /* DJParseOutput.m */; };
		A5CD9F1716EC01EC0024A20A /* DJParseTreeNode.m in Sources */ = {isa = PBXBuildFile; fileRef = A5CD9EFF16EBFF170024A20A /* DJParseTreeNode.m */; };
		A5CD9F1916EC02090024A20A /* DJLipikaUserSettings.m in Sources */ = {isa = PBXBuildFile; fileRef = A5CD9EEA16EBFEED0024A20A /* DJLipikaUserSettings.m */; };
		A5CD9F1A16EC02300024A20A /* DJLogger.m in Sources */ = {isa = PBXBuildFile; fileRef = A5CD9EEC16EBFEED0024A20A /* DJLogger.m */; };
		A5E3818C1839DACF00312E1F /* DJInputSchemeUberFactory.m in Sources */ = {isa = PBXBuildFile; fileRef = A5E3818B1839DACF00312E1F /* DJInputSchemeUberFactory.m */; };
		A5E72C74180A0D990034DCCA /* DJReverseMappingTest.m in Sources */ = {isa = PBXBuildFile; fileRef = A5E72C73180A0D990034DCCA /* DJReverseMappingTest.m */; };
		A5F984F316FFB3920088191E /* DJLipikaCandidates.m in Sources */ = {isa = PBXBuildFile; fileRef = A5F984F216FFB3920088191E /* DJLipikaCandidates.m */; };
		E93074B70A5C264700470842 /* InputMethodKit.framework in Frameworks */ = {isa = PBXBuildFile; fileRef = E93074B60A5C264700470842 /* InputMethodKit.framework */; };
		E999E1590BE8D77E00CAE01B /* README.md in Resources */ = {isa = PBXBuildFile; fileRef = E999E1580BE8D77E00CAE01B /* README.md */; };
/* End PBXBuildFile section */

/* Begin PBXContainerItemProxy section */
		A5C54E1816BA268A007F631D /* PBXContainerItemProxy */ = {
			isa = PBXContainerItemProxy;
			containerPortal = 29B97313FDCFA39411CA2CEA /* Project object */;
			proxyType = 1;
			remoteGlobalIDString = 8D1107260486CEB800E47090;
			remoteInfo = LipikaIME;
		};
/* End PBXContainerItemProxy section */

/* Begin PBXFileReference section */
		089C165DFE840E0CC02AAC07 /* English */ = {isa = PBXFileReference; fileEncoding = 10; lastKnownFileType = text.plist.strings; name = English; path = English.lproj/InfoPlist.strings; sourceTree = "<group>"; };
		1058C7A1FEA54F0111CA2CBB /* Cocoa.framework */ = {isa = PBXFileReference; lastKnownFileType = wrapper.framework; name = Cocoa.framework; path = /System/Library/Frameworks/Cocoa.framework; sourceTree = "<absolute>"; };
		29B97319FDCFA39411CA2CEA /* English */ = {isa = PBXFileReference; lastKnownFileType = wrapper.nib; name = English; path = English.lproj/MainMenu.nib; sourceTree = "<group>"; };
		8D1107310486CEB800E47090 /* Info.plist */ = {isa = PBXFileReference; fileEncoding = 4; lastKnownFileType = text.plist; path = Info.plist; sourceTree = "<group>"; };
		8D1107320486CEB800E47090 /* LipikaIME.app */ = {isa = PBXFileReference; explicitFileType = wrapper.application; includeInIndex = 0; path = LipikaIME.app; sourceTree = BUILT_PRODUCTS_DIR; };
		A50DA10D16DABB63003C99C6 /* UserSettings.plist */ = {isa = PBXFileReference; fileEncoding = 4; lastKnownFileType = text.plist.xml; path = UserSettings.plist; sourceTree = "<group>"; };
		A50E952516DBE3BA000D2C7F /* LipikaIMESpecialCharsTest.h */ = {isa = PBXFileReference; fileEncoding = 4; lastKnownFileType = sourcecode.c.h; path = LipikaIMESpecialCharsTest.h; sourceTree = "<group>"; };
		A50E952616DBE3BA000D2C7F /* LipikaIMESpecialCharsTest.m */ = {isa = PBXFileReference; fileEncoding = 4; lastKnownFileType = sourcecode.c.objc; path = LipikaIMESpecialCharsTest.m; sourceTree = "<group>"; };
		A50F303916C89E3D005147EB /* LICENSE */ = {isa = PBXFileReference; fileEncoding = 4; lastKnownFileType = text; path = LICENSE; sourceTree = "<group>"; };
		A51C0A8C17DC0E0500DA54C7 /* DJGoogleForwardMapping.h */ = {isa = PBXFileReference; fileEncoding = 4; lastKnownFileType = sourcecode.c.h; name = DJGoogleForwardMapping.h; path = LipikaIME/Engine/DJGoogleForwardMapping.h; sourceTree = "<group>"; };
		A51C0A8D17DC0E0500DA54C7 /* DJGoogleForwardMapping.m */ = {isa = PBXFileReference; fileEncoding = 4; lastKnownFileType = sourcecode.c.objc; name = DJGoogleForwardMapping.m; path = LipikaIME/Engine/DJGoogleForwardMapping.m; sourceTree = "<group>"; };
		A51C0A8F17DC0E9400DA54C7 /* DJGoogleSchemeFactory.h */ = {isa = PBXFileReference; fileEncoding = 4; lastKnownFileType = sourcecode.c.h; name = DJGoogleSchemeFactory.h; path = LipikaIME/Engine/DJGoogleSchemeFactory.h; sourceTree = "<group>"; };
		A51C0A9017DC0E9400DA54C7 /* DJGoogleSchemeFactory.m */ = {isa = PBXFileReference; fileEncoding = 4; lastKnownFileType = sourcecode.c.objc; name = DJGoogleSchemeFactory.m; path = LipikaIME/Engine/DJGoogleSchemeFactory.m; sourceTree = "<group>"; };
		A52475D3180B2A0A007037CC /* DJNestedReverseTest.m */ = {isa = PBXFileReference; fileEncoding = 4; lastKnownFileType = sourcecode.c.objc; path = DJNestedReverseTest.m; sourceTree = "<group>"; };
		A527F271170A36E40087C56C /* LipikaIMEInputStringText.h */ = {isa = PBXFileReference; fileEncoding = 4; lastKnownFileType = sourcecode.c.h; path = LipikaIMEInputStringText.h; sourceTree = "<group>"; };
		A527F272170A36E40087C56C /* LipikaIMEInputStringText.m */ = {isa = PBXFileReference; fileEncoding = 4; lastKnownFileType = sourcecode.c.objc; path = LipikaIMEInputStringText.m; sourceTree = "<group>"; };
		A5345AAC16D185D800AD6486 /* LipikaIMEBufferReplayTest.h */ = {isa = PBXFileReference; fileEncoding = 4; lastKnownFileType = sourcecode.c.h; path = LipikaIMEBufferReplayTest.h; sourceTree = "<group>"; };
		A5345AAD16D185D800AD6486 /* LipikaIMEBufferReplayTest.m */ = {isa = PBXFileReference; fileEncoding = 4; lastKnownFileType = sourcecode.c.objc; path = LipikaIMEBufferReplayTest.m; sourceTree = "<group>"; };
		A53672FC1708C96D00B5C1E6 /* icon.icns */ = {isa = PBXFileReference; lastKnownFileType = image.icns; name = icon.icns; path = Resources/icon.icns; sourceTree = "<group>"; };
		A53A71E717EAA7A800AFC09A /* DJGoogleReverseMapping.h */ = {isa = PBXFileReference; fileEncoding = 4; lastKnownFileType = sourcecode.c.h; name = DJGoogleReverseMapping.h; path = LipikaIME/Engine/DJGoogleReverseMapping.h; sourceTree = "<group>"; };
		A53A71E817EAA7A900AFC09A /* DJGoogleReverseMapping.m */ = {isa = PBXFileReference; fileEncoding = 4; lastKnownFileType = sourcecode.c.objc; name = DJGoogleReverseMapping.m; path = LipikaIME/Engine/DJGoogleReverseMapping.m; sourceTree = "<group>"; };
		A54045C116C09ECB00A6BBD3 /* LipikaIMENestedClassTest.h */ = {isa = PBXFileReference; fileEncoding = 4; lastKnownFileType = sourcecode.c.h; path = LipikaIMENestedClassTest.h; sourceTree = "<group>"; };
		A54045C216C09ECB00A6BBD3 /* LipikaIMENestedClassTest.m */ = {isa = PBXFileReference; fileEncoding = 4; lastKnownFileType = sourcecode.c.objc; path = LipikaIMENestedClassTest.m; sourceTree = "<group>"; };
		A55B44BC16BF24D000CC8E94 /* LipikaIMEEngineTest.h */ = {isa = PBXFileReference; fileEncoding = 4; lastKnownFileType = sourcecode.c.h; path = LipikaIMEEngineTest.h; sourceTree = "<group>"; };
		A55B44BD16BF24D000CC8E94 /* LipikaIMEEngineTest.m */ = {isa = PBXFileReference; fileEncoding = 4; lastKnownFileType = sourcecode.c.objc; path = LipikaIMEEngineTest.m; sourceTree = "<group>"; };
		A563223217CAE7D0000D4453 /* DJLipikaFileConvertor.h */ = {isa = PBXFileReference; fileEncoding = 4; lastKnownFileType = sourcecode.c.h; name = DJLipikaFileConvertor.h; path = LipikaIME/DJLipikaFileConvertor.h; sourceTree = "<group>"; };
		A563223317CAE7D0000D4453 /* DJLipikaFileConvertor.m */ = {isa = PBXFileReference; fileEncoding = 4; lastKnownFileType = sourcecode.c.objc; name = DJLipikaFileConvertor.m; path = LipikaIME/DJLipikaFileConvertor.m; sourceTree = "<group>"; };
		A5638A4E17DD08470078053A /* DJGoogleInputScheme.h */ = {isa = PBXFileReference; fileEncoding = 4; lastKnownFileType = sourcecode.c.h; name = DJGoogleInputScheme.h; path = LipikaIME/Engine/DJGoogleInputScheme.h; sourceTree = "<group>"; };
		A5638A4F17DD08470078053A /* DJGoogleInputScheme.m */ = {isa = PBXFileReference; fileEncoding = 4; lastKnownFileType = sourcecode.c.objc; name = DJGoogleInputScheme.m; path = LipikaIME/Engine/DJGoogleInputScheme.m; sourceTree = "<group>"; };
		A58BA2DA16FFE5F3001DE998 /* DJPreferenceController.m */ = {isa = PBXFileReference; fileEncoding = 4; lastKnownFileType = sourcecode.c.objc; name = DJPreferenceController.m; path = LipikaIME/UI/DJPreferenceController.m; sourceTree = "<group>"; };
		A58BA2DB16FFE5F3001DE998 /* DJPreferenceController.h */ = {isa = PBXFileReference; fileEncoding = 4; lastKnownFileType = sourcecode.c.h; name = DJPreferenceController.h; path = LipikaIME/UI/DJPreferenceController.h; sourceTree = "<group>"; };
		A5BA7D58181D912100461B2F /* LipikaIMEInstaller */ = {isa = PBXFileReference; explicitFileType = "compiled.mach-o.executable"; includeInIndex = 0; path = LipikaIMEInstaller; sourceTree = BUILT_PRODUCTS_DIR; };
		A5BA7D59181D912100461B2F /* Foundation.framework */ = {isa = PBXFileReference; lastKnownFileType = wrapper.framework; name = Foundation.framework; path = System/Library/Frameworks/Foundation.framework; sourceTree = SDKROOT; };
		A5BA7D65181D91A000461B2F /* Carbon.framework */ = {isa = PBXFileReference; lastKnownFileType = wrapper.framework; name = Carbon.framework; path = System/Library/Frameworks/Carbon.framework; sourceTree = SDKROOT; };
		A5BA7D67181DA28100461B2F /* main.m */ = {isa = PBXFileReference; fileEncoding = 4; lastKnownFileType = sourcecode.c.objc; name = main.m; path = Installer/Source/main.m; sourceTree = SOURCE_ROOT; };
		A5C0EA1017EF849200126799 /* DJSchemeMapping.h */ = {isa = PBXFileReference; lastKnownFileType = sourcecode.c.h; name = DJSchemeMapping.h; path = LipikaIME/Engine/DJSchemeMapping.h; sourceTree = "<group>"; };
		A5C54E0316BA20C1007F631D /* LipikaIMETest.octest */ = {isa = PBXFileReference; explicitFileType = wrapper.cfbundle; includeInIndex = 0; path = LipikaIMETest.octest; sourceTree = BUILT_PRODUCTS_DIR; };
		A5C54E0416BA20C1007F631D /* SenTestingKit.framework */ = {isa = PBXFileReference; lastKnownFileType = wrapper.framework; name = SenTestingKit.framework; path = Library/Frameworks/SenTestingKit.framework; sourceTree = DEVELOPER_DIR; };
		A5C54E0B16BA20C1007F631D /* LipikaIMETest-Info.plist */ = {isa = PBXFileReference; lastKnownFileType = text.plist.xml; path = "LipikaIMETest-Info.plist"; sourceTree = "<group>"; };
		A5C54E0D16BA20C1007F631D /* en */ = {isa = PBXFileReference; lastKnownFileType = text.plist.strings; name = en; path = en.lproj/InfoPlist.strings; sourceTree = "<group>"; };
		A5C54E0F16BA20C1007F631D /* LipikaIMESchemeTest.h */ = {isa = PBXFileReference; lastKnownFileType = sourcecode.c.h; path = LipikaIMESchemeTest.h; sourceTree = "<group>"; };
		A5C54E1016BA20C1007F631D /* LipikaIMESchemeTest.m */ = {isa = PBXFileReference; lastKnownFileType = sourcecode.c.objc; path = LipikaIMESchemeTest.m; sourceTree = "<group>"; };
		A5C579F516C6F872000A54FA /* LipikaIMEBufferManagerTest.h */ = {isa = PBXFileReference; fileEncoding = 4; lastKnownFileType = sourcecode.c.h; path = LipikaIMEBufferManagerTest.h; sourceTree = "<group>"; };
		A5C579F616C6F872000A54FA /* LipikaIMEBufferManagerTest.m */ = {isa = PBXFileReference; fileEncoding = 4; lastKnownFileType = sourcecode.c.objc; path = LipikaIMEBufferManagerTest.m; sourceTree = "<group>"; };
		A5C6BB2016B5A5F100B02E1B /* Schemes */ = {isa = PBXFileReference; lastKnownFileType = folder; path = Schemes; sourceTree = "<group>"; };
		A5CD9EDE16EBFEAD0024A20A /* English */ = {isa = PBXFileReference; lastKnownFileType = file.xib; name = English; path = English.lproj/Preferences.xib; sourceTree = "<group>"; };
		A5CD9EE016EBFECA0024A20A /* Constants.h */ = {isa = PBXFileReference; fileEncoding = 4; lastKnownFileType = sourcecode.c.h; name = Constants.h; path = LipikaIME/Constants.h; sourceTree = "<group>"; };
		A5CD9EE216EBFECA0024A20A /* main.m */ = {isa = PBXFileReference; fileEncoding = 4; lastKnownFileType = sourcecode.c.objc; name = main.m; path = LipikaIME/main.m; sourceTree = "<group>"; };
		A5CD9EE516EBFEED0024A20A /* DJLipikaAppDelegate.h */ = {isa = PBXFileReference; fileEncoding = 4; lastKnownFileType = sourcecode.c.h; name = DJLipikaAppDelegate.h; path = LipikaIME/DJLipikaAppDelegate.h; sourceTree = "<group>"; };
		A5CD9EE616EBFEED0024A20A /* DJLipikaAppDelegate.m */ = {isa = PBXFileReference; fileEncoding = 4; lastKnownFileType = sourcecode.c.objc; name = DJLipikaAppDelegate.m; path = LipikaIME/DJLipikaAppDelegate.m; sourceTree = "<group>"; };
		A5CD9EE716EBFEED0024A20A /* DJLipikaInputController.h */ = {isa = PBXFileReference; fileEncoding = 4; lastKnownFileType = sourcecode.c.h; name = DJLipikaInputController.h; path = LipikaIME/DJLipikaInputController.h; sourceTree = "<group>"; };
		A5CD9EE816EBFEED0024A20A /* DJLipikaInputController.m */ = {isa = PBXFileReference; fileEncoding = 4; lastKnownFileType = sourcecode.c.objc; name = DJLipikaInputController.m; path = LipikaIME/DJLipikaInputController.m; sourceTree = "<group>"; };
		A5CD9EE916EBFEED0024A20A /* DJLipikaUserSettings.h */ = {isa = PBXFileReference; fileEncoding = 4; lastKnownFileType = sourcecode.c.h; name = DJLipikaUserSettings.h; path = LipikaIME/DJLipikaUserSettings.h; sourceTree = "<group>"; };
		A5CD9EEA16EBFEED0024A20A /* DJLipikaUserSettings.m */ = {isa = PBXFileReference; fileEncoding = 4; lastKnownFileType = sourcecode.c.objc; name = DJLipikaUserSettings.m; path = LipikaIME/DJLipikaUserSettings.m; sourceTree = "<group>"; };
		A5CD9EEB16EBFEED0024A20A /* DJLogger.h */ = {isa = PBXFileReference; fileEncoding = 4; lastKnownFileType = sourcecode.c.h; name = DJLogger.h; path = LipikaIME/DJLogger.h; sourceTree = "<group>"; };
		A5CD9EEC16EBFEED0024A20A /* DJLogger.m */ = {isa = PBXFileReference; fileEncoding = 4; lastKnownFileType = sourcecode.c.objc; name = DJLogger.m; path = LipikaIME/DJLogger.m; sourceTree = "<group>"; };
		A5CD9EF416EBFF170024A20A /* DJInputEngineFactory.h */ = {isa = PBXFileReference; fileEncoding = 4; lastKnownFileType = sourcecode.c.h; name = DJInputEngineFactory.h; path = LipikaIME/Engine/DJInputEngineFactory.h; sourceTree = "<group>"; };
		A5CD9EF516EBFF170024A20A /* DJInputEngineFactory.m */ = {isa = PBXFileReference; fileEncoding = 4; lastKnownFileType = sourcecode.c.objc; name = DJInputEngineFactory.m; path = LipikaIME/Engine/DJInputEngineFactory.m; sourceTree = "<group>"; };
		A5CD9EF616EBFF170024A20A /* DJInputMethodEngine.h */ = {isa = PBXFileReference; fileEncoding = 4; lastKnownFileType = sourcecode.c.h; name = DJInputMethodEngine.h; path = LipikaIME/Engine/DJInputMethodEngine.h; sourceTree = "<group>"; };
		A5CD9EF716EBFF170024A20A /* DJInputMethodEngine.m */ = {isa = PBXFileReference; fileEncoding = 4; lastKnownFileType = sourcecode.c.objc; name = DJInputMethodEngine.m; path = LipikaIME/Engine/DJInputMethodEngine.m; sourceTree = "<group>"; };
		A5CD9EFA16EBFF170024A20A /* DJLipikaBufferManager.h */ = {isa = PBXFileReference; fileEncoding = 4; lastKnownFileType = sourcecode.c.h; name = DJLipikaBufferManager.h; path = LipikaIME/Engine/DJLipikaBufferManager.h; sourceTree = "<group>"; };
		A5CD9EFB16EBFF170024A20A /* DJLipikaBufferManager.m */ = {isa = PBXFileReference; fileEncoding = 4; lastKnownFileType = sourcecode.c.objc; name = DJLipikaBufferManager.m; path = LipikaIME/Engine/DJLipikaBufferManager.m; sourceTree = "<group>"; };
		A5CD9EFC16EBFF170024A20A /* DJParseOutput.h */ = {isa = PBXFileReference; fileEncoding = 4; lastKnownFileType = sourcecode.c.h; name = DJParseOutput.h; path = LipikaIME/Engine/DJParseOutput.h; sourceTree = "<group>"; };
		A5CD9EFD16EBFF170024A20A /* DJParseOutput.m */ = {isa = PBXFileReference; fileEncoding = 4; lastKnownFileType = sourcecode.c.objc; name = DJParseOutput.m; path = LipikaIME/Engine/DJParseOutput.m; sourceTree = "<group>"; };
		A5CD9EFE16EBFF170024A20A /* DJParseTreeNode.h */ = {isa = PBXFileReference; fileEncoding = 4; lastKnownFileType = sourcecode.c.h; name = DJParseTreeNode.h; path = LipikaIME/Engine/DJParseTreeNode.h; sourceTree = "<group>"; };
		A5CD9EFF16EBFF170024A20A /* DJParseTreeNode.m */ = {isa = PBXFileReference; fileEncoding = 4; lastKnownFileType = sourcecode.c.objc; name = DJParseTreeNode.m; path = LipikaIME/Engine/DJParseTreeNode.m; sourceTree = "<group>"; };
		A5CD9F0616EBFF4E0024A20A /* LipikaIcon.png */ = {isa = PBXFileReference; lastKnownFileType = image.png; name = LipikaIcon.png; path = Resources/LipikaIcon.png; sourceTree = "<group>"; };
		A5CD9F0816EC01230024A20A /* TestHappyCase.scm */ = {isa = PBXFileReference; fileEncoding = 4; lastKnownFileType = text; name = TestHappyCase.scm; path = Schemes/TestHappyCase.scm; sourceTree = "<group>"; };
		A5CD9F0916EC01230024A20A /* TestITRANS.scm */ = {isa = PBXFileReference; fileEncoding = 4; lastKnownFileType = text; name = TestITRANS.scm; path = Schemes/TestITRANS.scm; sourceTree = "<group>"; };
		A5CD9F0A16EC01230024A20A /* TestMultipleReplay.scm */ = {isa = PBXFileReference; fileEncoding = 4; lastKnownFileType = text; name = TestMultipleReplay.scm; path = Schemes/TestMultipleReplay.scm; sourceTree = "<group>"; };
		A5CD9F0B16EC01230024A20A /* TestNestedClass.scm */ = {isa = PBXFileReference; fileEncoding = 4; lastKnownFileType = text; name = TestNestedClass.scm; path = Schemes/TestNestedClass.scm; sourceTree = "<group>"; };
		A5CD9F0C16EC01230024A20A /* TestSpecialChars.scm */ = {isa = PBXFileReference; fileEncoding = 4; lastKnownFileType = text; name = TestSpecialChars.scm; path = Schemes/TestSpecialChars.scm; sourceTree = "<group>"; };
		A5E381861839D59C00312E1F /* DJInputMethodScheme.h */ = {isa = PBXFileReference; lastKnownFileType = sourcecode.c.h; name = DJInputMethodScheme.h; path = LipikaIME/Engine/DJInputMethodScheme.h; sourceTree = "<group>"; };
		A5E381881839D72800312E1F /* DJForwardMapping.h */ = {isa = PBXFileReference; lastKnownFileType = sourcecode.c.h; name = DJForwardMapping.h; path = LipikaIME/Engine/DJForwardMapping.h; sourceTree = "<group>"; };
		A5E381891839D73B00312E1F /* DJReverseMapping.h */ = {isa = PBXFileReference; lastKnownFileType = sourcecode.c.h; name = DJReverseMapping.h; path = LipikaIME/Engine/DJReverseMapping.h; sourceTree = "<group>"; };
		A5E3818A1839DACF00312E1F /* DJInputSchemeUberFactory.h */ = {isa = PBXFileReference; fileEncoding = 4; lastKnownFileType = sourcecode.c.h; name = DJInputSchemeUberFactory.h; path = LipikaIME/Engine/DJInputSchemeUberFactory.h; sourceTree = "<group>"; };
		A5E3818B1839DACF00312E1F /* DJInputSchemeUberFactory.m */ = {isa = PBXFileReference; fileEncoding = 4; lastKnownFileType = sourcecode.c.objc; name = DJInputSchemeUberFactory.m; path = LipikaIME/Engine/DJInputSchemeUberFactory.m; sourceTree = "<group>"; };
		A5E72C73180A0D990034DCCA /* DJReverseMappingTest.m */ = {isa = PBXFileReference; fileEncoding = 4; lastKnownFileType = sourcecode.c.objc; path = DJReverseMappingTest.m; sourceTree = "<group>"; };
		A5F984F116FFB3920088191E /* DJLipikaCandidates.h */ = {isa = PBXFileReference; fileEncoding = 4; lastKnownFileType = sourcecode.c.h; name = DJLipikaCandidates.h; path = LipikaIME/UI/DJLipikaCandidates.h; sourceTree = "<group>"; };
		A5F984F216FFB3920088191E /* DJLipikaCandidates.m */ = {isa = PBXFileReference; fileEncoding = 4; lastKnownFileType = sourcecode.c.objc; name = DJLipikaCandidates.m; path = LipikaIME/UI/DJLipikaCandidates.m; sourceTree = "<group>"; };
		E93074B60A5C264700470842 /* InputMethodKit.framework */ = {isa = PBXFileReference; lastKnownFileType = wrapper.framework; name = InputMethodKit.framework; path = /System/Library/Frameworks/InputMethodKit.framework; sourceTree = "<absolute>"; };
		E999E1580BE8D77E00CAE01B /* README.md */ = {isa = PBXFileReference; fileEncoding = 4; lastKnownFileType = text; path = README.md; sourceTree = "<group>"; };
/* End PBXFileReference section */

/* Begin PBXFrameworksBuildPhase section */
		8D11072E0486CEB800E47090 /* Frameworks */ = {
			isa = PBXFrameworksBuildPhase;
			buildActionMask = 2147483647;
			files = (
				8D11072F0486CEB800E47090 /* Cocoa.framework in Frameworks */,
				E93074B70A5C264700470842 /* InputMethodKit.framework in Frameworks */,
			);
			runOnlyForDeploymentPostprocessing = 0;
		};
		A5BA7D55181D912100461B2F /* Frameworks */ = {
			isa = PBXFrameworksBuildPhase;
			buildActionMask = 2147483647;
			files = (
				A5BA7D66181D91A000461B2F /* Carbon.framework in Frameworks */,
				A5BA7D5A181D912100461B2F /* Foundation.framework in Frameworks */,
			);
			runOnlyForDeploymentPostprocessing = 0;
		};
		A5C54DFF16BA20C1007F631D /* Frameworks */ = {
			isa = PBXFrameworksBuildPhase;
			buildActionMask = 2147483647;
			files = (
				A5C54E0516BA20C1007F631D /* SenTestingKit.framework in Frameworks */,
				A5B11D2D16BC587E003CD7E7 /* InputMethodKit.framework in Frameworks */,
				A5B11D2E16BC5881003CD7E7 /* Cocoa.framework in Frameworks */,
			);
			runOnlyForDeploymentPostprocessing = 0;
		};
/* End PBXFrameworksBuildPhase section */

/* Begin PBXGroup section */
		080E96DDFE201D6D7F000001 /* Application */ = {
			isa = PBXGroup;
			children = (
				A5CD9EE516EBFEED0024A20A /* DJLipikaAppDelegate.h */,
				A5CD9EE616EBFEED0024A20A /* DJLipikaAppDelegate.m */,
				A5CD9EE716EBFEED0024A20A /* DJLipikaInputController.h */,
				A5CD9EE816EBFEED0024A20A /* DJLipikaInputController.m */,
				A563223217CAE7D0000D4453 /* DJLipikaFileConvertor.h */,
				A563223317CAE7D0000D4453 /* DJLipikaFileConvertor.m */,
			);
			name = Application;
			sourceTree = "<group>";
		};
		1058C7A0FEA54F0111CA2CBB /* Linked Frameworks */ = {
			isa = PBXGroup;
			children = (
				E93074B60A5C264700470842 /* InputMethodKit.framework */,
				1058C7A1FEA54F0111CA2CBB /* Cocoa.framework */,
			);
			name = "Linked Frameworks";
			sourceTree = "<group>";
		};
		19C28FACFE9D520D11CA2CBB /* Products */ = {
			isa = PBXGroup;
			children = (
				8D1107320486CEB800E47090 /* LipikaIME.app */,
				A5C54E0316BA20C1007F631D /* LipikaIMETest.octest */,
				A5BA7D58181D912100461B2F /* LipikaIMEInstaller */,
			);
			name = Products;
			sourceTree = "<group>";
		};
		29B97314FDCFA39411CA2CEA /* NumberInput */ = {
			isa = PBXGroup;
			children = (
				A5AC075417D7FAA900E5BD06 /* Source */,
				29B97317FDCFA39411CA2CEA /* Resources */,
				29B97323FDCFA39411CA2CEA /* Frameworks */,
				19C28FACFE9D520D11CA2CBB /* Products */,
				A5BA7D5B181D912100461B2F /* LipikaIMEInstaller */,
				A5C54E0916BA20C1007F631D /* LipikaIMETest */,
			);
			name = NumberInput;
			sourceTree = "<group>";
		};
		29B97315FDCFA39411CA2CEA /* Supporting Classes */ = {
			isa = PBXGroup;
			children = (
				A5CD9EE216EBFECA0024A20A /* main.m */,
				A5CD9EE016EBFECA0024A20A /* Constants.h */,
				A5CD9EEB16EBFEED0024A20A /* DJLogger.h */,
				A5CD9EEC16EBFEED0024A20A /* DJLogger.m */,
				A5CD9EE916EBFEED0024A20A /* DJLipikaUserSettings.h */,
				A5CD9EEA16EBFEED0024A20A /* DJLipikaUserSettings.m */,
			);
			name = "Supporting Classes";
			sourceTree = "<group>";
		};
		29B97317FDCFA39411CA2CEA /* Resources */ = {
			isa = PBXGroup;
			children = (
				A5C6BB2016B5A5F100B02E1B /* Schemes */,
				E93396E20A9A0AAD0073E6C4 /* Images */,
				8D1107310486CEB800E47090 /* Info.plist */,
				A50DA10D16DABB63003C99C6 /* UserSettings.plist */,
				089C165CFE840E0CC02AAC07 /* InfoPlist.strings */,
				29B97318FDCFA39411CA2CEA /* MainMenu.nib */,
				A5CD9EDD16EBFEAD0024A20A /* Preferences.xib */,
				A50F303916C89E3D005147EB /* LICENSE */,
				E999E1580BE8D77E00CAE01B /* README.md */,
			);
			name = Resources;
			sourceTree = "<group>";
		};
		29B97323FDCFA39411CA2CEA /* Frameworks */ = {
			isa = PBXGroup;
			children = (
				A5BA7D65181D91A000461B2F /* Carbon.framework */,
				1058C7A0FEA54F0111CA2CBB /* Linked Frameworks */,
				A5C54E0416BA20C1007F631D /* SenTestingKit.framework */,
				A5BA7D59181D912100461B2F /* Foundation.framework */,
			);
			name = Frameworks;
			sourceTree = "<group>";
		};
		A506B92B16BDE8F000EA49C0 /* Resources */ = {
			isa = PBXGroup;
			children = (
				A5CD9F0816EC01230024A20A /* TestHappyCase.scm */,
				A5CD9F0916EC01230024A20A /* TestITRANS.scm */,
				A5CD9F0A16EC01230024A20A /* TestMultipleReplay.scm */,
				A5CD9F0B16EC01230024A20A /* TestNestedClass.scm */,
				A5CD9F0C16EC01230024A20A /* TestSpecialChars.scm */,
			);
			name = Resources;
			sourceTree = "<group>";
		};
		A576704517E63613009EEEC0 /* Input Method Scheme */ = {
			isa = PBXGroup;
			children = (
				A5CD9EFC16EBFF170024A20A /* DJParseOutput.h */,
				A5CD9EFD16EBFF170024A20A /* DJParseOutput.m */,
				A5CD9EFE16EBFF170024A20A /* DJParseTreeNode.h */,
				A5CD9EFF16EBFF170024A20A /* DJParseTreeNode.m */,
				A5E3818A1839DACF00312E1F /* DJInputSchemeUberFactory.h */,
				A5E3818B1839DACF00312E1F /* DJInputSchemeUberFactory.m */,
				A5E381861839D59C00312E1F /* DJInputMethodScheme.h */,
				A5E381881839D72800312E1F /* DJForwardMapping.h */,
				A5E381891839D73B00312E1F /* DJReverseMapping.h */,
				A5E381871839D67E00312E1F /* Google Scheme */,
			);
			name = "Input Method Scheme";
			sourceTree = "<group>";
		};
		A5AC075417D7FAA900E5BD06 /* Source */ = {
			isa = PBXGroup;
			children = (
				A5F984F416FFB39E0088191E /* User Interface */,
				080E96DDFE201D6D7F000001 /* Application */,
				A5C54DF816BA1EB9007F631D /* Input Method Engine */,
				29B97315FDCFA39411CA2CEA /* Supporting Classes */,
			);
			name = Source;
			sourceTree = "<group>";
		};
		A5BA7D5B181D912100461B2F /* LipikaIMEInstaller */ = {
			isa = PBXGroup;
			children = (
				A5BA7D67181DA28100461B2F /* main.m */,
			);
			path = LipikaIMEInstaller;
			sourceTree = "<group>";
		};
		A5C54DF816BA1EB9007F631D /* Input Method Engine */ = {
			isa = PBXGroup;
			children = (
				A5CD9EFA16EBFF170024A20A /* DJLipikaBufferManager.h */,
				A5CD9EFB16EBFF170024A20A /* DJLipikaBufferManager.m */,
				A5CD9EF416EBFF170024A20A /* DJInputEngineFactory.h */,
				A5CD9EF516EBFF170024A20A /* DJInputEngineFactory.m */,
				A5CD9EF616EBFF170024A20A /* DJInputMethodEngine.h */,
				A5CD9EF716EBFF170024A20A /* DJInputMethodEngine.m */,
				A576704517E63613009EEEC0 /* Input Method Scheme */,
			);
			name = "Input Method Engine";
			sourceTree = "<group>";
		};
		A5C54E0916BA20C1007F631D /* LipikaIMETest */ = {
			isa = PBXGroup;
			children = (
				A506B92B16BDE8F000EA49C0 /* Resources */,
				A5C54E0F16BA20C1007F631D /* LipikaIMESchemeTest.h */,
				A5C54E1016BA20C1007F631D /* LipikaIMESchemeTest.m */,
				A5E72C73180A0D990034DCCA /* DJReverseMappingTest.m */,
				A52475D3180B2A0A007037CC /* DJNestedReverseTest.m */,
				A55B44BC16BF24D000CC8E94 /* LipikaIMEEngineTest.h */,
				A55B44BD16BF24D000CC8E94 /* LipikaIMEEngineTest.m */,
				A54045C116C09ECB00A6BBD3 /* LipikaIMENestedClassTest.h */,
				A54045C216C09ECB00A6BBD3 /* LipikaIMENestedClassTest.m */,
				A5C579F516C6F872000A54FA /* LipikaIMEBufferManagerTest.h */,
				A5C579F616C6F872000A54FA /* LipikaIMEBufferManagerTest.m */,
				A5345AAC16D185D800AD6486 /* LipikaIMEBufferReplayTest.h */,
				A5345AAD16D185D800AD6486 /* LipikaIMEBufferReplayTest.m */,
				A50E952516DBE3BA000D2C7F /* LipikaIMESpecialCharsTest.h */,
				A50E952616DBE3BA000D2C7F /* LipikaIMESpecialCharsTest.m */,
				A527F271170A36E40087C56C /* LipikaIMEInputStringText.h */,
				A527F272170A36E40087C56C /* LipikaIMEInputStringText.m */,
				A5C54E0A16BA20C1007F631D /* Supporting Files */,
			);
			path = LipikaIMETest;
			sourceTree = "<group>";
		};
		A5C54E0A16BA20C1007F631D /* Supporting Files */ = {
			isa = PBXGroup;
			children = (
				A5C54E0B16BA20C1007F631D /* LipikaIMETest-Info.plist */,
				A5C54E0C16BA20C1007F631D /* InfoPlist.strings */,
			);
			name = "Supporting Files";
			sourceTree = "<group>";
		};
		A5E381871839D67E00312E1F /* Google Scheme */ = {
			isa = PBXGroup;
			children = (
				A51C0A8F17DC0E9400DA54C7 /* DJGoogleSchemeFactory.h */,
				A51C0A9017DC0E9400DA54C7 /* DJGoogleSchemeFactory.m */,
				A5638A4E17DD08470078053A /* DJGoogleInputScheme.h */,
				A5638A4F17DD08470078053A /* DJGoogleInputScheme.m */,
				A5C0EA1017EF849200126799 /* DJSchemeMapping.h */,
				A51C0A8C17DC0E0500DA54C7 /* DJGoogleForwardMapping.h */,
				A51C0A8D17DC0E0500DA54C7 /* DJGoogleForwardMapping.m */,
				A53A71E717EAA7A800AFC09A /* DJGoogleReverseMapping.h */,
				A53A71E817EAA7A900AFC09A /* DJGoogleReverseMapping.m */,
			);
			name = "Google Scheme";
			sourceTree = "<group>";
		};
		A5F984F416FFB39E0088191E /* User Interface */ = {
			isa = PBXGroup;
			children = (
				A58BA2DB16FFE5F3001DE998 /* DJPreferenceController.h */,
				A58BA2DA16FFE5F3001DE998 /* DJPreferenceController.m */,
				A5F984F116FFB3920088191E /* DJLipikaCandidates.h */,
				A5F984F216FFB3920088191E /* DJLipikaCandidates.m */,
			);
			name = "User Interface";
			sourceTree = "<group>";
		};
		E93396E20A9A0AAD0073E6C4 /* Images */ = {
			isa = PBXGroup;
			children = (
				A53672FC1708C96D00B5C1E6 /* icon.icns */,
				A5CD9F0616EBFF4E0024A20A /* LipikaIcon.png */,
			);
			name = Images;
			sourceTree = "<group>";
		};
/* End PBXGroup section */

/* Begin PBXNativeTarget section */
		8D1107260486CEB800E47090 /* LipikaIME */ = {
			isa = PBXNativeTarget;
			buildConfigurationList = C01FCF4A08A954540054247B /* Build configuration list for PBXNativeTarget "LipikaIME" */;
			buildPhases = (
				8D1107290486CEB800E47090 /* Resources */,
				8D11072C0486CEB800E47090 /* Sources */,
				8D11072E0486CEB800E47090 /* Frameworks */,
			);
			buildRules = (
			);
			dependencies = (
			);
			name = LipikaIME;
			productInstallPath = "$(HOME)/Applications";
			productName = NumberInput;
			productReference = 8D1107320486CEB800E47090 /* LipikaIME.app */;
			productType = "com.apple.product-type.application";
		};
		A5BA7D57181D912100461B2F /* LipikaIMEInstaller */ = {
			isa = PBXNativeTarget;
			buildConfigurationList = A5BA7D64181D912100461B2F /* Build configuration list for PBXNativeTarget "LipikaIMEInstaller" */;
			buildPhases = (
				A5BA7D54181D912100461B2F /* Sources */,
				A5BA7D55181D912100461B2F /* Frameworks */,
			);
			buildRules = (
			);
			dependencies = (
			);
			name = LipikaIMEInstaller;
			productName = LipikaIMEInstaller;
			productReference = A5BA7D58181D912100461B2F /* LipikaIMEInstaller */;
			productType = "com.apple.product-type.tool";
		};
		A5C54E0216BA20C1007F631D /* LipikaIMETest */ = {
			isa = PBXNativeTarget;
			buildConfigurationList = A5C54E1316BA20C1007F631D /* Build configuration list for PBXNativeTarget "LipikaIMETest" */;
			buildPhases = (
				A5C54DFE16BA20C1007F631D /* Sources */,
				A5C54DFF16BA20C1007F631D /* Frameworks */,
				A5C54E0016BA20C1007F631D /* Resources */,
				A5C54E0116BA20C1007F631D /* ShellScript */,
			);
			buildRules = (
			);
			dependencies = (
				A5C54E1916BA268A007F631D /* PBXTargetDependency */,
			);
			name = LipikaIMETest;
			productName = LipikaIMETest;
			productReference = A5C54E0316BA20C1007F631D /* LipikaIMETest.octest */;
			productType = "com.apple.product-type.bundle";
		};
/* End PBXNativeTarget section */

/* Begin PBXProject section */
		29B97313FDCFA39411CA2CEA /* Project object */ = {
			isa = PBXProject;
			attributes = {
				CLASSPREFIX = DJ;
				LastUpgradeCheck = 0500;
				ORGANIZATIONNAME = com.daivajnanam;
				TargetAttributes = {
					8D1107260486CEB800E47090 = {
						DevelopmentTeam = 7JZ87Y4JWT;
					};
				};
			};
			buildConfigurationList = C01FCF4E08A954540054247B /* Build configuration list for PBXProject "LipikaIME" */;
			compatibilityVersion = "Xcode 3.2";
			developmentRegion = English;
			hasScannedForEncodings = 1;
			knownRegions = (
				en,
				English,
			);
			mainGroup = 29B97314FDCFA39411CA2CEA /* NumberInput */;
			projectDirPath = "";
			projectRoot = "";
			targets = (
				8D1107260486CEB800E47090 /* LipikaIME */,
				A5C54E0216BA20C1007F631D /* LipikaIMETest */,
				A5BA7D57181D912100461B2F /* LipikaIMEInstaller */,
			);
		};
/* End PBXProject section */

/* Begin PBXResourcesBuildPhase section */
		8D1107290486CEB800E47090 /* Resources */ = {
			isa = PBXResourcesBuildPhase;
			buildActionMask = 2147483647;
			files = (
				8D11072A0486CEB800E47090 /* MainMenu.nib in Resources */,
				8D11072B0486CEB800E47090 /* InfoPlist.strings in Resources */,
				A50DA10E16DABB63003C99C6 /* UserSettings.plist in Resources */,
				E999E1590BE8D77E00CAE01B /* README.md in Resources */,
				A50F303A16C89E3D005147EB /* LICENSE in Resources */,
				A5C6BB2116B5A5F100B02E1B /* Schemes in Resources */,
				A5CD9EDF16EBFEAD0024A20A /* Preferences.xib in Resources */,
				A5CD9F0716EBFF4E0024A20A /* LipikaIcon.png in Resources */,
				A53672FD1708C96D00B5C1E6 /* icon.icns in Resources */,
			);
			runOnlyForDeploymentPostprocessing = 0;
		};
		A5C54E0016BA20C1007F631D /* Resources */ = {
			isa = PBXResourcesBuildPhase;
			buildActionMask = 2147483647;
			files = (
				A5C54E0E16BA20C1007F631D /* InfoPlist.strings in Resources */,
				A5CD9F0D16EC01230024A20A /* TestHappyCase.scm in Resources */,
				A5CD9F0E16EC01230024A20A /* TestITRANS.scm in Resources */,
				A5CD9F0F16EC01230024A20A /* TestMultipleReplay.scm in Resources */,
				A5CD9F1016EC01230024A20A /* TestNestedClass.scm in Resources */,
				A5CD9F1116EC01230024A20A /* TestSpecialChars.scm in Resources */,
			);
			runOnlyForDeploymentPostprocessing = 0;
		};
/* End PBXResourcesBuildPhase section */

/* Begin PBXShellScriptBuildPhase section */
		A5C54E0116BA20C1007F631D /* ShellScript */ = {
			isa = PBXShellScriptBuildPhase;
			buildActionMask = 2147483647;
			files = (
			);
			inputPaths = (
			);
			outputPaths = (
			);
			runOnlyForDeploymentPostprocessing = 0;
			shellPath = /bin/sh;
			shellScript = "# Run the unit tests in this test bundle.\n\"${SYSTEM_DEVELOPER_DIR}/Tools/RunUnitTests\"\n";
		};
/* End PBXShellScriptBuildPhase section */

/* Begin PBXSourcesBuildPhase section */
		8D11072C0486CEB800E47090 /* Sources */ = {
			isa = PBXSourcesBuildPhase;
			buildActionMask = 2147483647;
			files = (
				A5CD9EE416EBFECA0024A20A /* main.m in Sources */,
				A5E3818C1839DACF00312E1F /* DJInputSchemeUberFactory.m in Sources */,
				A5CD9EEF16EBFEED0024A20A /* DJLipikaAppDelegate.m in Sources */,
				A5CD9EF016EBFEED0024A20A /* DJLipikaInputController.m in Sources */,
				A5CD9EF116EBFEED0024A20A /* DJLipikaUserSettings.m in Sources */,
				A5CD9EF216EBFEED0024A20A /* DJLogger.m in Sources */,
				A5CD9F0016EBFF170024A20A /* DJInputEngineFactory.m in Sources */,
				A5CD9F0116EBFF170024A20A /* DJInputMethodEngine.m in Sources */,
				A5CD9F0316EBFF170024A20A /* DJLipikaBufferManager.m in Sources */,
				A5CD9F0416EBFF170024A20A /* DJParseOutput.m in Sources */,
				A5CD9F0516EBFF170024A20A /* DJParseTreeNode.m in Sources */,
				A5F984F316FFB3920088191E /* DJLipikaCandidates.m in Sources */,
				A58BA2DC16FFE5F3001DE998 /* DJPreferenceController.m in Sources */,
				A563223417CAE7D0000D4453 /* DJLipikaFileConvertor.m in Sources */,
				A51C0A8E17DC0E0500DA54C7 /* DJGoogleForwardMapping.m in Sources */,
				A51C0A9117DC0E9400DA54C7 /* DJGoogleSchemeFactory.m in Sources */,
				A5638A5017DD08470078053A /* DJGoogleInputScheme.m in Sources */,
				A53A71E917EAA7A900AFC09A /* DJGoogleReverseMapping.m in Sources */,
			);
			runOnlyForDeploymentPostprocessing = 0;
		};
		A5BA7D54181D912100461B2F /* Sources */ = {
			isa = PBXSourcesBuildPhase;
			buildActionMask = 2147483647;
			files = (
				A5BA7D68181DA28100461B2F /* main.m in Sources */,
			);
			runOnlyForDeploymentPostprocessing = 0;
		};
		A5C54DFE16BA20C1007F631D /* Sources */ = {
			isa = PBXSourcesBuildPhase;
			buildActionMask = 2147483647;
			files = (
				A5CD9F1A16EC02300024A20A /* DJLogger.m in Sources */,
				A5CD9F1916EC02090024A20A /* DJLipikaUserSettings.m in Sources */,
				A5CD9F1216EC01EC0024A20A /* DJInputEngineFactory.m in Sources */,
				A550D2C21839FB540015CA7F /* DJInputSchemeUberFactory.m in Sources */,
				A5CD9F1316EC01EC0024A20A /* DJInputMethodEngine.m in Sources */,
				A5CD9F1516EC01EC0024A20A /* DJLipikaBufferManager.m in Sources */,
				A5CD9F1616EC01EC0024A20A /* DJParseOutput.m in Sources */,
				A5CD9F1716EC01EC0024A20A /* DJParseTreeNode.m in Sources */,
				A5E72C74180A0D990034DCCA /* DJReverseMappingTest.m in Sources */,
				A52475D4180B2A0A007037CC /* DJNestedReverseTest.m in Sources */,
				A576704817E64996009EEEC0 /* DJGoogleForwardMapping.m in Sources */,
				A5C2FEBA17EF64AA00653E7A /* DJGoogleReverseMapping.m in Sources */,
				A576704717E648E3009EEEC0 /* DJGoogleInputScheme.m in Sources */,
				A576704617E648B8009EEEC0 /* DJGoogleSchemeFactory.m in Sources */,
				A5C54E1116BA20C1007F631D /* LipikaIMESchemeTest.m in Sources */,
				A55B44BE16BF24D000CC8E94 /* LipikaIMEEngineTest.m in Sources */,
				A54045C316C09ECB00A6BBD3 /* LipikaIMENestedClassTest.m in Sources */,
				A5C579F716C6F872000A54FA /* LipikaIMEBufferManagerTest.m in Sources */,
				A5345AAE16D185D800AD6486 /* LipikaIMEBufferReplayTest.m in Sources */,
				A50E952716DBE3BA000D2C7F /* LipikaIMESpecialCharsTest.m in Sources */,
				A527F273170A36E40087C56C /* LipikaIMEInputStringText.m in Sources */,
			);
			runOnlyForDeploymentPostprocessing = 0;
		};
/* End PBXSourcesBuildPhase section */

/* Begin PBXTargetDependency section */
		A5C54E1916BA268A007F631D /* PBXTargetDependency */ = {
			isa = PBXTargetDependency;
			target = 8D1107260486CEB800E47090 /* LipikaIME */;
			targetProxy = A5C54E1816BA268A007F631D /* PBXContainerItemProxy */;
		};
/* End PBXTargetDependency section */

/* Begin PBXVariantGroup section */
		089C165CFE840E0CC02AAC07 /* InfoPlist.strings */ = {
			isa = PBXVariantGroup;
			children = (
				089C165DFE840E0CC02AAC07 /* English */,
			);
			name = InfoPlist.strings;
			sourceTree = "<group>";
		};
		29B97318FDCFA39411CA2CEA /* MainMenu.nib */ = {
			isa = PBXVariantGroup;
			children = (
				29B97319FDCFA39411CA2CEA /* English */,
			);
			name = MainMenu.nib;
			sourceTree = "<group>";
		};
		A5C54E0C16BA20C1007F631D /* InfoPlist.strings */ = {
			isa = PBXVariantGroup;
			children = (
				A5C54E0D16BA20C1007F631D /* en */,
			);
			name = InfoPlist.strings;
			sourceTree = "<group>";
		};
		A5CD9EDD16EBFEAD0024A20A /* Preferences.xib */ = {
			isa = PBXVariantGroup;
			children = (
				A5CD9EDE16EBFEAD0024A20A /* English */,
			);
			name = Preferences.xib;
			sourceTree = "<group>";
		};
/* End PBXVariantGroup section */

/* Begin XCBuildConfiguration section */
		A5BA7D62181D912100461B2F /* Debug */ = {
			isa = XCBuildConfiguration;
			buildSettings = {
				ALWAYS_SEARCH_USER_PATHS = NO;
				CLANG_CXX_LANGUAGE_STANDARD = "gnu++0x";
				CLANG_CXX_LIBRARY = "libc++";
				CLANG_ENABLE_OBJC_ARC = YES;
				CLANG_WARN_BOOL_CONVERSION = YES;
				CLANG_WARN_CONSTANT_CONVERSION = YES;
				CLANG_WARN_DIRECT_OBJC_ISA_USAGE = YES_ERROR;
				CLANG_WARN_EMPTY_BODY = YES;
				CLANG_WARN_ENUM_CONVERSION = YES;
				CLANG_WARN_INT_CONVERSION = YES;
				CLANG_WARN_OBJC_ROOT_CLASS = YES_ERROR;
				CLANG_WARN__DUPLICATE_METHOD_MATCH = YES;
				COPY_PHASE_STRIP = NO;
				GCC_C_LANGUAGE_STANDARD = gnu99;
				GCC_DYNAMIC_NO_PIC = NO;
				GCC_ENABLE_OBJC_EXCEPTIONS = YES;
				GCC_OPTIMIZATION_LEVEL = 0;
				GCC_PRECOMPILE_PREFIX_HEADER = NO;
				GCC_PREFIX_HEADER = "";
				GCC_PREPROCESSOR_DEFINITIONS = (
					"DEBUG=1",
					"$(inherited)",
				);
				GCC_SYMBOLS_PRIVATE_EXTERN = NO;
				GCC_WARN_64_TO_32_BIT_CONVERSION = YES;
				GCC_WARN_ABOUT_RETURN_TYPE = YES_ERROR;
				GCC_WARN_UNDECLARED_SELECTOR = YES;
				GCC_WARN_UNINITIALIZED_AUTOS = YES;
				GCC_WARN_UNUSED_FUNCTION = YES;
				MACOSX_DEPLOYMENT_TARGET = 10.8;
				PRODUCT_NAME = "$(TARGET_NAME)";
				SDKROOT = macosx;
			};
			name = Debug;
		};
		A5BA7D63181D912100461B2F /* Release */ = {
			isa = XCBuildConfiguration;
			buildSettings = {
				ALWAYS_SEARCH_USER_PATHS = NO;
				CLANG_CXX_LANGUAGE_STANDARD = "gnu++0x";
				CLANG_CXX_LIBRARY = "libc++";
				CLANG_ENABLE_OBJC_ARC = YES;
				CLANG_WARN_BOOL_CONVERSION = YES;
				CLANG_WARN_CONSTANT_CONVERSION = YES;
				CLANG_WARN_DIRECT_OBJC_ISA_USAGE = YES_ERROR;
				CLANG_WARN_EMPTY_BODY = YES;
				CLANG_WARN_ENUM_CONVERSION = YES;
				CLANG_WARN_INT_CONVERSION = YES;
				CLANG_WARN_OBJC_ROOT_CLASS = YES_ERROR;
				CLANG_WARN__DUPLICATE_METHOD_MATCH = YES;
				COPY_PHASE_STRIP = YES;
				DEBUG_INFORMATION_FORMAT = "dwarf-with-dsym";
				ENABLE_NS_ASSERTIONS = NO;
				GCC_C_LANGUAGE_STANDARD = gnu99;
				GCC_ENABLE_OBJC_EXCEPTIONS = YES;
				GCC_PRECOMPILE_PREFIX_HEADER = NO;
				GCC_PREFIX_HEADER = "";
				GCC_WARN_64_TO_32_BIT_CONVERSION = YES;
				GCC_WARN_ABOUT_RETURN_TYPE = YES_ERROR;
				GCC_WARN_UNDECLARED_SELECTOR = YES;
				GCC_WARN_UNINITIALIZED_AUTOS = YES;
				GCC_WARN_UNUSED_FUNCTION = YES;
				MACOSX_DEPLOYMENT_TARGET = 10.8;
				PRODUCT_NAME = "$(TARGET_NAME)";
				SDKROOT = macosx;
			};
			name = Release;
		};
		A5C54E1416BA20C1007F631D /* Debug */ = {
			isa = XCBuildConfiguration;
			buildSettings = {
				ALWAYS_SEARCH_USER_PATHS = NO;
				CLANG_CXX_LANGUAGE_STANDARD = "gnu++0x";
				CLANG_CXX_LIBRARY = "libc++";
				CLANG_ENABLE_OBJC_ARC = YES;
				CLANG_WARN_EMPTY_BODY = YES;
				CLANG_WARN__DUPLICATE_METHOD_MATCH = YES;
				COMBINE_HIDPI_IMAGES = YES;
				COPY_PHASE_STRIP = NO;
				FRAMEWORK_SEARCH_PATHS = "\"$(DEVELOPER_LIBRARY_DIR)/Frameworks\"";
				GCC_C_LANGUAGE_STANDARD = gnu99;
				GCC_DYNAMIC_NO_PIC = NO;
				GCC_ENABLE_OBJC_EXCEPTIONS = YES;
				GCC_OPTIMIZATION_LEVEL = 0;
				GCC_PRECOMPILE_PREFIX_HEADER = YES;
				GCC_PREPROCESSOR_DEFINITIONS = (
					"DEBUG=1",
					"$(inherited)",
				);
				GCC_SYMBOLS_PRIVATE_EXTERN = NO;
				GCC_WARN_64_TO_32_BIT_CONVERSION = YES;
				GCC_WARN_UNINITIALIZED_AUTOS = YES;
				INFOPLIST_FILE = "LipikaIMETest/LipikaIMETest-Info.plist";
				MACOSX_DEPLOYMENT_TARGET = 10.8;
				ONLY_ACTIVE_ARCH = YES;
				PRODUCT_NAME = "$(TARGET_NAME)";
				SDKROOT = macosx;
				WRAPPER_EXTENSION = octest;
			};
			name = Debug;
		};
		A5C54E1516BA20C1007F631D /* Release */ = {
			isa = XCBuildConfiguration;
			buildSettings = {
				ALWAYS_SEARCH_USER_PATHS = NO;
				CLANG_CXX_LANGUAGE_STANDARD = "gnu++0x";
				CLANG_CXX_LIBRARY = "libc++";
				CLANG_ENABLE_OBJC_ARC = YES;
				CLANG_WARN_EMPTY_BODY = YES;
				CLANG_WARN__DUPLICATE_METHOD_MATCH = YES;
				COMBINE_HIDPI_IMAGES = YES;
				COPY_PHASE_STRIP = YES;
				DEBUG_INFORMATION_FORMAT = "dwarf-with-dsym";
				FRAMEWORK_SEARCH_PATHS = "\"$(DEVELOPER_LIBRARY_DIR)/Frameworks\"";
				GCC_C_LANGUAGE_STANDARD = gnu99;
				GCC_ENABLE_OBJC_EXCEPTIONS = YES;
				GCC_PRECOMPILE_PREFIX_HEADER = YES;
				GCC_WARN_64_TO_32_BIT_CONVERSION = YES;
				GCC_WARN_UNINITIALIZED_AUTOS = YES;
				INFOPLIST_FILE = "LipikaIMETest/LipikaIMETest-Info.plist";
				MACOSX_DEPLOYMENT_TARGET = 10.8;
				PRODUCT_NAME = "$(TARGET_NAME)";
				SDKROOT = macosx;
				WRAPPER_EXTENSION = octest;
			};
			name = Release;
		};
		C01FCF4B08A954540054247B /* Debug */ = {
			isa = XCBuildConfiguration;
			buildSettings = {
				CLANG_ENABLE_OBJC_ARC = YES;
				CODE_SIGN_IDENTITY = "Mac Developer: Ranganath Atreya (VRQLUEWMY9)";
				"CODE_SIGN_IDENTITY[sdk=macosx*]" = "Mac Developer: Ranganath Atreya (VRQLUEWMY9)";
				COMBINE_HIDPI_IMAGES = YES;
				COPY_PHASE_STRIP = NO;
				GCC_DYNAMIC_NO_PIC = NO;
				GCC_OPTIMIZATION_LEVEL = 0;
				INFOPLIST_FILE = Info.plist;
				INSTALL_PATH = "$(LOCAL_LIBRARY_DIR)/Input Methods/";
				MACOSX_DEPLOYMENT_TARGET = 10.8;
				PRODUCT_NAME = LipikaIME;
				PROVISIONING_PROFILE = "42662FB2-C0DA-4065-BFB9-8223FC481856";
				WRAPPER_EXTENSION = app;
			};
			name = Debug;
		};
		C01FCF4C08A954540054247B /* Release */ = {
			isa = XCBuildConfiguration;
			buildSettings = {
				CLANG_ENABLE_OBJC_ARC = YES;
				CODE_SIGN_IDENTITY = "Mac Developer: Ranganath Atreya (VRQLUEWMY9)";
				"CODE_SIGN_IDENTITY[sdk=macosx*]" = "Mac Developer: Ranganath Atreya (VRQLUEWMY9)";
				COMBINE_HIDPI_IMAGES = YES;
				GCC_GENERATE_DEBUGGING_SYMBOLS = NO;
				INFOPLIST_FILE = Info.plist;
				INSTALL_PATH = "$(LOCAL_LIBRARY_DIR)/Input Methods/";
				MACOSX_DEPLOYMENT_TARGET = 10.8;
				PRODUCT_NAME = LipikaIME;
				PROVISIONING_PROFILE = "42662FB2-C0DA-4065-BFB9-8223FC481856";
				WRAPPER_EXTENSION = app;
			};
			name = Release;
		};
		C01FCF4F08A954540054247B /* Debug */ = {
			isa = XCBuildConfiguration;
			buildSettings = {
				GCC_WARN_ABOUT_RETURN_TYPE = YES;
				GCC_WARN_UNUSED_VARIABLE = YES;
				ONLY_ACTIVE_ARCH = YES;
			};
			name = Debug;
		};
		C01FCF5008A954540054247B /* Release */ = {
			isa = XCBuildConfiguration;
			buildSettings = {
				GCC_WARN_ABOUT_RETURN_TYPE = YES;
				GCC_WARN_UNUSED_VARIABLE = YES;
			};
			name = Release;
		};
/* End XCBuildConfiguration section */

/* Begin XCConfigurationList section */
		A5BA7D64181D912100461B2F /* Build configuration list for PBXNativeTarget "LipikaIMEInstaller" */ = {
			isa = XCConfigurationList;
			buildConfigurations = (
				A5BA7D62181D912100461B2F /* Debug */,
				A5BA7D63181D912100461B2F /* Release */,
			);
			defaultConfigurationIsVisible = 0;
			defaultConfigurationName = Release;
		};
		A5C54E1316BA20C1007F631D /* Build configuration list for PBXNativeTarget "LipikaIMETest" */ = {
			isa = XCConfigurationList;
			buildConfigurations = (
				A5C54E1416BA20C1007F631D /* Debug */,
				A5C54E1516BA20C1007F631D /* Release */,
			);
			defaultConfigurationIsVisible = 0;
			defaultConfigurationName = Release;
		};
		C01FCF4A08A954540054247B /* Build configuration list for PBXNativeTarget "LipikaIME" */ = {
			isa = XCConfigurationList;
			buildConfigurations = (
				C01FCF4B08A954540054247B /* Debug */,
				C01FCF4C08A954540054247B /* Release */,
			);
			defaultConfigurationIsVisible = 0;
			defaultConfigurationName = Release;
		};
		C01FCF4E08A954540054247B /* Build configuration list for PBXProject "LipikaIME" */ = {
			isa = XCConfigurationList;
			buildConfigurations = (
				C01FCF4F08A954540054247B /* Debug */,
				C01FCF5008A954540054247B /* Release */,
			);
			defaultConfigurationIsVisible = 0;
			defaultConfigurationName = Release;
		};
/* End XCConfigurationList section */
	};
	rootObject = 29B97313FDCFA39411CA2CEA /* Project object */;
}
